<?xml version="1.0" encoding="utf-8"?>
<Project ToolsVersion="4.0" xmlns="http://schemas.microsoft.com/developer/msbuild/2003">
  <ItemGroup>
    <Filter Include="Actions Source">
      <UniqueIdentifier>{4d0aac9e-c4d6-4790-9eae-6aad33978c55}</UniqueIdentifier>
    </Filter>
    <Filter Include="Actions Header">
      <UniqueIdentifier>{9f596846-dfe9-49b0-8b57-0451c8398502}</UniqueIdentifier>
    </Filter>
    <Filter Include="Ahuacatl Source">
      <UniqueIdentifier>{de4b5058-06f7-4230-adcd-d6c609f0ee2c}</UniqueIdentifier>
    </Filter>
    <Filter Include="Ahuacatl Header">
      <UniqueIdentifier>{d8461072-d6e5-454c-b77f-ea6c4d650fac}</UniqueIdentifier>
    </Filter>
    <Filter Include="BitIndexes Source">
      <UniqueIdentifier>{40bbef2d-19c6-433a-9cad-e919cb6dd132}</UniqueIdentifier>
    </Filter>
    <Filter Include="BitIndexes Header">
      <UniqueIdentifier>{1713e7fc-574a-4100-bbfc-beff7fb49dc3}</UniqueIdentifier>
    </Filter>
    <Filter Include="GeoIndex Source">
      <UniqueIdentifier>{41fe3a51-4a8c-4a14-94cb-5cbbcf3b2902}</UniqueIdentifier>
    </Filter>
    <Filter Include="GeoIndex Header">
      <UniqueIdentifier>{4d3a6783-ec18-4c63-acf6-f1541fa23363}</UniqueIdentifier>
    </Filter>
    <Filter Include="HashIndex Source">
      <UniqueIdentifier>{d8d44f40-a4de-476e-9683-9f5e93a09975}</UniqueIdentifier>
    </Filter>
    <Filter Include="HashIndex Header">
      <UniqueIdentifier>{88208861-586b-43e0-97ec-29516d6ac060}</UniqueIdentifier>
    </Filter>
    <Filter Include="IndexIterators Source">
      <UniqueIdentifier>{75063e47-2ac3-4673-9df1-4c0be6c20cdd}</UniqueIdentifier>
    </Filter>
    <Filter Include="IndexIterators Header">
      <UniqueIdentifier>{b0dd276d-71b6-4991-a4b2-5524256eb6e5}</UniqueIdentifier>
    </Filter>
    <Filter Include="PriorityQueue Source">
      <UniqueIdentifier>{120b3084-35a3-4c63-9dd3-5dd5962475e0}</UniqueIdentifier>
    </Filter>
    <Filter Include="PriorityQueue Header">
      <UniqueIdentifier>{e1c38b70-c0da-49f9-a438-654573b89d12}</UniqueIdentifier>
    </Filter>
    <Filter Include="RestHandler Header">
      <UniqueIdentifier>{bdf04799-3349-4e2d-8270-9e3b17a27613}</UniqueIdentifier>
    </Filter>
    <Filter Include="Skiplists Source">
      <UniqueIdentifier>{4be54c70-3f61-43c0-a86a-9be4848363e6}</UniqueIdentifier>
    </Filter>
    <Filter Include="Skiplists Header">
      <UniqueIdentifier>{7496affb-e170-4df4-b56a-4cf2d0172659}</UniqueIdentifier>
    </Filter>
    <Filter Include="V8 Server Source">
      <UniqueIdentifier>{78374def-6f2e-422e-ba99-e4e408b08ea3}</UniqueIdentifier>
    </Filter>
    <Filter Include="V8 Server Header">
      <UniqueIdentifier>{5d6b7adc-29c6-4c28-a2cf-9558721af375}</UniqueIdentifier>
    </Filter>
    <Filter Include="VocBase Source">
      <UniqueIdentifier>{bd0b65be-ad15-4693-88cc-3cc7439187ee}</UniqueIdentifier>
    </Filter>
    <Filter Include="VocBase Header">
      <UniqueIdentifier>{0399a4bb-bab6-408d-9e4e-fa95c8351742}</UniqueIdentifier>
    </Filter>
    <Filter Include="RestServer Source">
      <UniqueIdentifier>{1cbcc1af-46d4-479c-9559-5cf9fa704233}</UniqueIdentifier>
    </Filter>
    <Filter Include="IndexOperators Source">
      <UniqueIdentifier>{49518ff7-bc0d-4394-97fe-c293a59bf210}</UniqueIdentifier>
    </Filter>
    <Filter Include="IndexOperators Header">
      <UniqueIdentifier>{795670be-3298-4020-a0ac-c821be50679e}</UniqueIdentifier>
    </Filter>
    <Filter Include="RestServer Header">
      <UniqueIdentifier>{ffdc7aa7-dde3-4974-b707-8407b0e92965}</UniqueIdentifier>
    </Filter>
    <Filter Include="Utils Header">
      <UniqueIdentifier>{e9fb58cc-8cec-41be-94ad-6ec0870d48fb}</UniqueIdentifier>
    </Filter>
    <Filter Include="FulltextIndex Source">
      <UniqueIdentifier>{a87ac433-d49c-4124-abd8-053130d0fe42}</UniqueIdentifier>
    </Filter>
    <Filter Include="FulltextIndex Header">
      <UniqueIdentifier>{06cc9415-dcac-41b9-bedf-f3b5c2f422a5}</UniqueIdentifier>
    </Filter>
    <Filter Include="RestHandler Source">
      <UniqueIdentifier>{4d19ad29-43da-4ceb-b550-a276e9de2ac6}</UniqueIdentifier>
    </Filter>
    <Filter Include="SkiplistsEx Header">
      <UniqueIdentifier>{cc4700ed-c00c-4ebb-9475-1d54354fcbfa}</UniqueIdentifier>
    </Filter>
    <Filter Include="SkiplistsEx Source">
      <UniqueIdentifier>{85835a0d-c3d2-4442-b52c-48379bf40a35}</UniqueIdentifier>
    </Filter>
    <Filter Include="CapConstraint Header">
      <UniqueIdentifier>{d2ec0280-a1a3-4d91-b1af-f3466b44ca47}</UniqueIdentifier>
    </Filter>
    <Filter Include="CapConstraint Source">
      <UniqueIdentifier>{73321ff7-c3c0-411c-9380-0e6382bfe7a3}</UniqueIdentifier>
    </Filter>
  </ItemGroup>
  <ItemGroup>
    <None Include="ReadMe.txt" />
  </ItemGroup>
  <ItemGroup>
    <ClCompile Include="..\..\arangod\RestServer\arango.cpp">
      <Filter>RestServer Source</Filter>
    </ClCompile>
    <ClCompile Include="..\..\arangod\RestServer\ArangoServer.cpp">
      <Filter>RestServer Source</Filter>
    </ClCompile>
    <ClCompile Include="..\..\arangod\Actions\actions.cpp">
      <Filter>Actions Source</Filter>
    </ClCompile>
    <ClCompile Include="..\..\arangod\Actions\RestActionHandler.cpp">
      <Filter>Actions Source</Filter>
    </ClCompile>
    <ClCompile Include="..\..\arangod\Ahuacatl\ahuacatl-access-optimiser.c">
      <Filter>Ahuacatl Source</Filter>
    </ClCompile>
    <ClCompile Include="..\..\arangod\Ahuacatl\ahuacatl-ast-node.c">
      <Filter>Ahuacatl Source</Filter>
    </ClCompile>
    <ClCompile Include="..\..\arangod\Ahuacatl\ahuacatl-bind-parameter.c">
      <Filter>Ahuacatl Source</Filter>
    </ClCompile>
    <ClCompile Include="..\..\arangod\Ahuacatl\ahuacatl-codegen.c">
      <Filter>Ahuacatl Source</Filter>
    </ClCompile>
    <ClCompile Include="..\..\arangod\Ahuacatl\ahuacatl-collections.c">
      <Filter>Ahuacatl Source</Filter>
    </ClCompile>
    <ClCompile Include="..\..\arangod\Ahuacatl\ahuacatl-context.c">
      <Filter>Ahuacatl Source</Filter>
    </ClCompile>
    <ClCompile Include="..\..\arangod\Ahuacatl\ahuacatl-conversions.c">
      <Filter>Ahuacatl Source</Filter>
    </ClCompile>
    <ClCompile Include="..\..\arangod\Ahuacatl\ahuacatl-error.c">
      <Filter>Ahuacatl Source</Filter>
    </ClCompile>
    <ClCompile Include="..\..\arangod\Ahuacatl\ahuacatl-explain.c">
      <Filter>Ahuacatl Source</Filter>
    </ClCompile>
    <ClCompile Include="..\..\arangod\Ahuacatl\ahuacatl-functions.c">
      <Filter>Ahuacatl Source</Filter>
    </ClCompile>
    <ClCompile Include="..\..\arangod\Ahuacatl\ahuacatl-grammar.c">
      <Filter>Ahuacatl Source</Filter>
    </ClCompile>
    <ClCompile Include="..\..\arangod\Ahuacatl\ahuacatl-index.c">
      <Filter>Ahuacatl Source</Filter>
    </ClCompile>
    <ClCompile Include="..\..\arangod\Ahuacatl\ahuacatl-node.c">
      <Filter>Ahuacatl Source</Filter>
    </ClCompile>
    <ClCompile Include="..\..\arangod\Ahuacatl\ahuacatl-optimiser.c">
      <Filter>Ahuacatl Source</Filter>
    </ClCompile>
    <ClCompile Include="..\..\arangod\Ahuacatl\ahuacatl-parser.c">
      <Filter>Ahuacatl Source</Filter>
    </ClCompile>
    <ClCompile Include="..\..\arangod\Ahuacatl\ahuacatl-parser-functions.c">
      <Filter>Ahuacatl Source</Filter>
    </ClCompile>
    <ClCompile Include="..\..\arangod\Ahuacatl\ahuacatl-result.c">
      <Filter>Ahuacatl Source</Filter>
    </ClCompile>
    <ClCompile Include="..\..\arangod\Ahuacatl\ahuacatl-scope.c">
      <Filter>Ahuacatl Source</Filter>
    </ClCompile>
    <ClCompile Include="..\..\arangod\Ahuacatl\ahuacatl-statement-dump.c">
      <Filter>Ahuacatl Source</Filter>
    </ClCompile>
    <ClCompile Include="..\..\arangod\Ahuacatl\ahuacatl-statementlist.c">
      <Filter>Ahuacatl Source</Filter>
    </ClCompile>
    <ClCompile Include="..\..\arangod\Ahuacatl\ahuacatl-statement-walker.c">
      <Filter>Ahuacatl Source</Filter>
    </ClCompile>
    <ClCompile Include="..\..\arangod\Ahuacatl\ahuacatl-tokens.c">
      <Filter>Ahuacatl Source</Filter>
    </ClCompile>
    <ClCompile Include="..\..\arangod\Ahuacatl\ahuacatl-variable.c">
      <Filter>Ahuacatl Source</Filter>
    </ClCompile>
    <ClCompile Include="..\..\arangod\BitIndexes\bitarray.c">
      <Filter>BitIndexes Source</Filter>
    </ClCompile>
    <ClCompile Include="..\..\arangod\BitIndexes\bitarrayIndex.c">
      <Filter>BitIndexes Source</Filter>
    </ClCompile>
    <ClCompile Include="..\..\arangod\IndexIterators\index-iterator.c">
      <Filter>IndexIterators Source</Filter>
    </ClCompile>
    <ClCompile Include="..\..\arangod\IndexOperators\index-operator.c">
      <Filter>IndexOperators Source</Filter>
    </ClCompile>
    <ClCompile Include="..\..\arangod\PriorityQueue\pqueueindex.c">
      <Filter>PriorityQueue Source</Filter>
    </ClCompile>
    <ClCompile Include="..\..\arangod\PriorityQueue\priorityqueue.c">
      <Filter>PriorityQueue Source</Filter>
    </ClCompile>
    <ClCompile Include="..\..\arangod\SkipLists\skiplist.c">
      <Filter>Skiplists Source</Filter>
    </ClCompile>
    <ClCompile Include="..\..\arangod\SkipLists\skiplistIndex.c">
      <Filter>Skiplists Source</Filter>
    </ClCompile>
    <ClCompile Include="..\..\arangod\V8Server\ApplicationV8.cpp">
      <Filter>V8 Server Source</Filter>
    </ClCompile>
    <ClCompile Include="..\..\arangod\V8Server\v8-actions.cpp">
      <Filter>V8 Server Source</Filter>
    </ClCompile>
    <ClCompile Include="..\..\arangod\V8Server\v8-query.cpp">
      <Filter>V8 Server Source</Filter>
    </ClCompile>
    <ClCompile Include="..\..\arangod\V8Server\v8-vocbase.cpp">
      <Filter>V8 Server Source</Filter>
    </ClCompile>
    <ClCompile Include="..\..\arangod\VocBase\auth.c">
      <Filter>VocBase Source</Filter>
    </ClCompile>
    <ClCompile Include="..\..\arangod\VocBase\barrier.c">
      <Filter>VocBase Source</Filter>
    </ClCompile>
    <ClCompile Include="..\..\arangod\VocBase\cleanup.c">
      <Filter>VocBase Source</Filter>
    </ClCompile>
    <ClCompile Include="..\..\arangod\VocBase\collection.c">
      <Filter>VocBase Source</Filter>
    </ClCompile>
    <ClCompile Include="..\..\arangod\VocBase\compactor.c">
      <Filter>VocBase Source</Filter>
    </ClCompile>
    <ClCompile Include="..\..\arangod\VocBase\datafile.c">
      <Filter>VocBase Source</Filter>
    </ClCompile>
    <ClCompile Include="..\..\arangod\VocBase\document-collection.c">
      <Filter>VocBase Source</Filter>
    </ClCompile>
    <ClCompile Include="..\..\arangod\VocBase\general-cursor.c">
      <Filter>VocBase Source</Filter>
    </ClCompile>
    <ClCompile Include="..\..\arangod\VocBase\headers.c">
      <Filter>VocBase Source</Filter>
    </ClCompile>
    <ClCompile Include="..\..\arangod\VocBase\index.c">
      <Filter>VocBase Source</Filter>
    </ClCompile>
    <ClCompile Include="..\..\arangod\VocBase\primary-collection.c">
      <Filter>VocBase Source</Filter>
    </ClCompile>
    <ClCompile Include="..\..\arangod\VocBase\shadow-data.c">
      <Filter>VocBase Source</Filter>
    </ClCompile>
    <ClCompile Include="..\..\arangod\VocBase\shape-collection.c">
      <Filter>VocBase Source</Filter>
    </ClCompile>
    <ClCompile Include="..\..\arangod\VocBase\synchroniser.c">
      <Filter>VocBase Source</Filter>
    </ClCompile>
    <ClCompile Include="..\..\arangod\VocBase\vocbase.c">
      <Filter>VocBase Source</Filter>
    </ClCompile>
    <ClCompile Include="..\..\arangod\VocBase\voc-shaper.c">
      <Filter>VocBase Source</Filter>
    </ClCompile>
    <ClCompile Include="..\..\arangod\VocBase\edge-collection.c">
      <Filter>VocBase Source</Filter>
    </ClCompile>
    <ClCompile Include="..\..\arangod\VocBase\transaction.c">
      <Filter>VocBase Source</Filter>
    </ClCompile>
    <ClCompile Include="..\..\arangod\VocBase\key-generator.c">
      <Filter>VocBase Source</Filter>
    </ClCompile>
    <ClCompile Include="..\..\arangod\FulltextIndex\fulltext-handles.c">
      <Filter>FulltextIndex Source</Filter>
    </ClCompile>
    <ClCompile Include="..\..\arangod\FulltextIndex\fulltext-wordlist.c">
      <Filter>FulltextIndex Source</Filter>
    </ClCompile>
    <ClCompile Include="..\..\arangod\FulltextIndex\fulltext-index.c">
      <Filter>FulltextIndex Source</Filter>
    </ClCompile>
    <ClCompile Include="..\..\arangod\FulltextIndex\fulltext-list.c">
      <Filter>FulltextIndex Source</Filter>
    </ClCompile>
    <ClCompile Include="..\..\arangod\FulltextIndex\fulltext-query.c">
      <Filter>FulltextIndex Source</Filter>
    </ClCompile>
    <ClCompile Include="..\..\arangod\FulltextIndex\fulltext-result.c">
      <Filter>FulltextIndex Source</Filter>
    </ClCompile>
    <ClCompile Include="..\..\arangod\RestHandler\RestBatchHandler.cpp">
      <Filter>RestHandler Source</Filter>
    </ClCompile>
    <ClCompile Include="..\..\arangod\RestHandler\RestDocumentHandler.cpp">
      <Filter>RestHandler Source</Filter>
    </ClCompile>
    <ClCompile Include="..\..\arangod\RestHandler\RestEdgeHandler.cpp">
      <Filter>RestHandler Source</Filter>
    </ClCompile>
    <ClCompile Include="..\..\arangod\RestHandler\RestImportHandler.cpp">
      <Filter>RestHandler Source</Filter>
    </ClCompile>
    <ClCompile Include="..\..\arangod\RestHandler\RestVocbaseBaseHandler.cpp">
      <Filter>RestHandler Source</Filter>
    </ClCompile>
    <ClCompile Include="..\..\arangod\SkipListsEx\skiplistEx.c">
      <Filter>SkiplistsEx Source</Filter>
    </ClCompile>
    <ClCompile Include="..\..\arangod\SkipListsEx\skiplistExIndex.c">
      <Filter>SkiplistsEx Source</Filter>
    </ClCompile>
    <ClCompile Include="..\..\arangod\CapConstraint\cap-constraint.c">
      <Filter>CapConstraint Source</Filter>
    </ClCompile>
    <ClCompile Include="..\..\arangod\HashIndex\hash-array.c">
      <Filter>HashIndex Source</Filter>
    </ClCompile>
    <ClCompile Include="..\..\arangod\HashIndex\hash-index.c">
      <Filter>HashIndex Source</Filter>
    </ClCompile>
    <ClCompile Include="..\..\arangod\GeoIndex\geo-index.c">
      <Filter>GeoIndex Source</Filter>
    </ClCompile>
    <ClCompile Include="..\..\arangod\VocBase\server-id.c">
      <Filter>VocBase Source</Filter>
    </ClCompile>
    <ClCompile Include="..\..\arangod\GeoIndex\GeoIndex.c">
      <Filter>GeoIndex Source</Filter>
    </ClCompile>
    <ClCompile Include="..\..\arangod\VocBase\update-policy.c">
      <Filter>VocBase Source</Filter>
    </ClCompile>
    <ClCompile Include="..\..\arangod\VocBase\marker.c">
      <Filter>VocBase Source</Filter>
    </ClCompile>
    <ClCompile Include="..\..\arangod\RestHandler\RestUploadHandler.cpp">
      <Filter>RestHandler Source</Filter>
    </ClCompile>
  </ItemGroup>
  <ItemGroup>
    <ClInclude Include="..\..\arangod\RestServer\ArangoServer.h">
      <Filter>RestServer Header</Filter>
    </ClInclude>
    <ClInclude Include="..\..\arangod\Actions\actions.h">
      <Filter>Actions Header</Filter>
    </ClInclude>
    <ClInclude Include="..\..\arangod\Actions\RestActionHandler.h">
      <Filter>Actions Header</Filter>
    </ClInclude>
    <ClInclude Include="..\..\arangod\Ahuacatl\ahuacatl-access-optimiser.h">
      <Filter>Ahuacatl Header</Filter>
    </ClInclude>
    <ClInclude Include="..\..\arangod\Ahuacatl\ahuacatl-ast-node.h">
      <Filter>Ahuacatl Header</Filter>
    </ClInclude>
    <ClInclude Include="..\..\arangod\Ahuacatl\ahuacatl-bind-parameter.h">
      <Filter>Ahuacatl Header</Filter>
    </ClInclude>
    <ClInclude Include="..\..\arangod\Ahuacatl\ahuacatl-codegen.h">
      <Filter>Ahuacatl Header</Filter>
    </ClInclude>
    <ClInclude Include="..\..\arangod\Ahuacatl\ahuacatl-collections.h">
      <Filter>Ahuacatl Header</Filter>
    </ClInclude>
    <ClInclude Include="..\..\arangod\Ahuacatl\ahuacatl-context.h">
      <Filter>Ahuacatl Header</Filter>
    </ClInclude>
    <ClInclude Include="..\..\arangod\Ahuacatl\ahuacatl-conversions.h">
      <Filter>Ahuacatl Header</Filter>
    </ClInclude>
    <ClInclude Include="..\..\arangod\Ahuacatl\ahuacatl-error.h">
      <Filter>Ahuacatl Header</Filter>
    </ClInclude>
    <ClInclude Include="..\..\arangod\Ahuacatl\ahuacatl-explain.h">
      <Filter>Ahuacatl Header</Filter>
    </ClInclude>
    <ClInclude Include="..\..\arangod\Ahuacatl\ahuacatl-functions.h">
      <Filter>Ahuacatl Header</Filter>
    </ClInclude>
    <ClInclude Include="..\..\arangod\Ahuacatl\ahuacatl-grammar.h">
      <Filter>Ahuacatl Header</Filter>
    </ClInclude>
    <ClInclude Include="..\..\arangod\Ahuacatl\ahuacatl-index.h">
      <Filter>Ahuacatl Header</Filter>
    </ClInclude>
    <ClInclude Include="..\..\arangod\Ahuacatl\ahuacatl-node.h">
      <Filter>Ahuacatl Header</Filter>
    </ClInclude>
    <ClInclude Include="..\..\arangod\Ahuacatl\ahuacatl-optimiser.h">
      <Filter>Ahuacatl Header</Filter>
    </ClInclude>
    <ClInclude Include="..\..\arangod\Ahuacatl\ahuacatl-parser.h">
      <Filter>Ahuacatl Header</Filter>
    </ClInclude>
    <ClInclude Include="..\..\arangod\Ahuacatl\ahuacatl-parser-functions.h">
      <Filter>Ahuacatl Header</Filter>
    </ClInclude>
    <ClInclude Include="..\..\arangod\Ahuacatl\ahuacatl-result.h">
      <Filter>Ahuacatl Header</Filter>
    </ClInclude>
    <ClInclude Include="..\..\arangod\Ahuacatl\ahuacatl-scope.h">
      <Filter>Ahuacatl Header</Filter>
    </ClInclude>
    <ClInclude Include="..\..\arangod\Ahuacatl\ahuacatl-statement-dump.h">
      <Filter>Ahuacatl Header</Filter>
    </ClInclude>
    <ClInclude Include="..\..\arangod\Ahuacatl\ahuacatl-statementlist.h">
      <Filter>Ahuacatl Header</Filter>
    </ClInclude>
    <ClInclude Include="..\..\arangod\Ahuacatl\ahuacatl-statement-walker.h">
      <Filter>Ahuacatl Header</Filter>
    </ClInclude>
    <ClInclude Include="..\..\arangod\Ahuacatl\ahuacatl-variable.h">
      <Filter>Ahuacatl Header</Filter>
    </ClInclude>
    <ClInclude Include="..\..\arangod\BitIndexes\bitarray.h">
      <Filter>BitIndexes Header</Filter>
    </ClInclude>
    <ClInclude Include="..\..\arangod\BitIndexes\bitarrayIndex.h">
      <Filter>BitIndexes Header</Filter>
    </ClInclude>
    <ClInclude Include="..\..\arangod\BitIndexes\masterblocktable.h">
      <Filter>BitIndexes Header</Filter>
    </ClInclude>
    <ClInclude Include="..\..\arangod\IndexIterators\index-iterator.h">
      <Filter>IndexIterators Header</Filter>
    </ClInclude>
    <ClInclude Include="..\..\arangod\IndexOperators\index-operator.h">
      <Filter>IndexOperators Header</Filter>
    </ClInclude>
    <ClInclude Include="..\..\arangod\PriorityQueue\pqueueindex.h">
      <Filter>PriorityQueue Header</Filter>
    </ClInclude>
    <ClInclude Include="..\..\arangod\PriorityQueue\priorityqueue.h">
      <Filter>PriorityQueue Header</Filter>
    </ClInclude>
    <ClInclude Include="..\..\arangod\RestHandler\RestBatchHandler.h">
      <Filter>RestHandler Header</Filter>
    </ClInclude>
    <ClInclude Include="..\..\arangod\RestHandler\RestDocumentHandler.h">
      <Filter>RestHandler Header</Filter>
    </ClInclude>
    <ClInclude Include="..\..\arangod\RestHandler\RestEdgeHandler.h">
      <Filter>RestHandler Header</Filter>
    </ClInclude>
    <ClInclude Include="..\..\arangod\RestHandler\RestImportHandler.h">
      <Filter>RestHandler Header</Filter>
    </ClInclude>
    <ClInclude Include="..\..\arangod\RestHandler\RestVocbaseBaseHandler.h">
      <Filter>RestHandler Header</Filter>
    </ClInclude>
    <ClInclude Include="..\..\arangod\SkipLists\skiplist.h">
      <Filter>Skiplists Header</Filter>
    </ClInclude>
    <ClInclude Include="..\..\arangod\SkipLists\skiplistIndex.h">
      <Filter>Skiplists Header</Filter>
    </ClInclude>
    <ClInclude Include="..\..\arangod\V8Server\ApplicationV8.h">
      <Filter>V8 Server Header</Filter>
    </ClInclude>
    <ClInclude Include="..\..\arangod\V8Server\v8-actions.h">
      <Filter>V8 Server Header</Filter>
    </ClInclude>
    <ClInclude Include="..\..\arangod\V8Server\v8-query.h">
      <Filter>V8 Server Header</Filter>
    </ClInclude>
    <ClInclude Include="..\..\arangod\V8Server\v8-vocbase.h">
      <Filter>V8 Server Header</Filter>
    </ClInclude>
    <ClInclude Include="..\..\arangod\VocBase\auth.h">
      <Filter>VocBase Header</Filter>
    </ClInclude>
    <ClInclude Include="..\..\arangod\VocBase\barrier.h">
      <Filter>VocBase Header</Filter>
    </ClInclude>
    <ClInclude Include="..\..\arangod\VocBase\cleanup.h">
      <Filter>VocBase Header</Filter>
    </ClInclude>
    <ClInclude Include="..\..\arangod\VocBase\collection.h">
      <Filter>VocBase Header</Filter>
    </ClInclude>
    <ClInclude Include="..\..\arangod\VocBase\compactor.h">
      <Filter>VocBase Header</Filter>
    </ClInclude>
    <ClInclude Include="..\..\arangod\VocBase\datafile.h">
      <Filter>VocBase Header</Filter>
    </ClInclude>
    <ClInclude Include="..\..\arangod\VocBase\durham.h">
      <Filter>VocBase Header</Filter>
    </ClInclude>
    <ClInclude Include="..\..\arangod\VocBase\general-cursor.h">
      <Filter>VocBase Header</Filter>
    </ClInclude>
    <ClInclude Include="..\..\arangod\VocBase\headers.h">
      <Filter>VocBase Header</Filter>
    </ClInclude>
    <ClInclude Include="..\..\arangod\VocBase\index.h">
      <Filter>VocBase Header</Filter>
    </ClInclude>
    <ClInclude Include="..\..\arangod\VocBase\primary-collection.h">
      <Filter>VocBase Header</Filter>
    </ClInclude>
    <ClInclude Include="..\..\arangod\VocBase\shadow-data.h">
      <Filter>VocBase Header</Filter>
    </ClInclude>
    <ClInclude Include="..\..\arangod\VocBase\shape-collection.h">
      <Filter>VocBase Header</Filter>
    </ClInclude>
    <ClInclude Include="..\..\arangod\VocBase\synchroniser.h">
      <Filter>VocBase Header</Filter>
    </ClInclude>
    <ClInclude Include="..\..\arangod\VocBase\vocbase.h">
      <Filter>VocBase Header</Filter>
    </ClInclude>
    <ClInclude Include="..\..\arangod\VocBase\voc-shaper.h">
      <Filter>VocBase Header</Filter>
    </ClInclude>
    <ClInclude Include="..\..\arangod\Utils\AhuacatlGuard.h">
      <Filter>Utils Header</Filter>
    </ClInclude>
    <ClInclude Include="..\..\arangod\Utils\Barrier.h">
      <Filter>Utils Header</Filter>
    </ClInclude>
    <ClInclude Include="..\..\arangod\Utils\DocumentHelper.h">
      <Filter>Utils Header</Filter>
    </ClInclude>
    <ClInclude Include="..\..\arangod\Utils\EmbeddableTransaction.h">
      <Filter>Utils Header</Filter>
    </ClInclude>
    <ClInclude Include="..\..\arangod\Utils\RestTransactionContext.h">
      <Filter>Utils Header</Filter>
    </ClInclude>
    <ClInclude Include="..\..\arangod\Utils\SingleCollectionReadOnlyTransaction.h">
      <Filter>Utils Header</Filter>
    </ClInclude>
    <ClInclude Include="..\..\arangod\Utils\SingleCollectionTransaction.h">
      <Filter>Utils Header</Filter>
    </ClInclude>
    <ClInclude Include="..\..\arangod\Utils\SingleCollectionWriteTransaction.h">
      <Filter>Utils Header</Filter>
    </ClInclude>
    <ClInclude Include="..\..\arangod\Utils\StandaloneTransaction.h">
      <Filter>Utils Header</Filter>
    </ClInclude>
    <ClInclude Include="..\..\arangod\Utils\Transaction.h">
      <Filter>Utils Header</Filter>
    </ClInclude>
    <ClInclude Include="..\..\arangod\Utils\UserTransaction.h">
      <Filter>Utils Header</Filter>
    </ClInclude>
    <ClInclude Include="..\..\arangod\Utils\V8TransactionContext.h">
      <Filter>Utils Header</Filter>
    </ClInclude>
    <ClInclude Include="..\..\arangod\VocBase\transaction.h">
      <Filter>VocBase Header</Filter>
    </ClInclude>
    <ClInclude Include="..\..\arangod\VocBase\key-generator.h">
      <Filter>VocBase Header</Filter>
    </ClInclude>
    <ClInclude Include="..\..\arangod\Utils\CollectionNameResolver.h">
      <Filter>Utils Header</Filter>
    </ClInclude>
    <ClInclude Include="..\..\arangod\Utils\AhuacatlTransaction.h">
      <Filter>Utils Header</Filter>
    </ClInclude>
    <ClInclude Include="..\..\arangod\FulltextIndex\fulltext-handles.h">
      <Filter>FulltextIndex Header</Filter>
    </ClInclude>
    <ClInclude Include="..\..\arangod\FulltextIndex\fulltext-wordlist.h">
      <Filter>FulltextIndex Header</Filter>
    </ClInclude>
    <ClInclude Include="..\..\arangod\FulltextIndex\fulltext-index.h">
      <Filter>FulltextIndex Header</Filter>
    </ClInclude>
    <ClInclude Include="..\..\arangod\FulltextIndex\fulltext-list.h">
      <Filter>FulltextIndex Header</Filter>
    </ClInclude>
    <ClInclude Include="..\..\arangod\FulltextIndex\fulltext-query.h">
      <Filter>FulltextIndex Header</Filter>
    </ClInclude>
    <ClInclude Include="..\..\arangod\FulltextIndex\fulltext-result.h">
      <Filter>FulltextIndex Header</Filter>
    </ClInclude>
    <ClInclude Include="..\..\arangod\FulltextIndex\fulltext-common.h">
      <Filter>FulltextIndex Header</Filter>
    </ClInclude>
    <ClInclude Include="..\..\arangod\SkipListsEx\compareEx.h">
      <Filter>SkiplistsEx Header</Filter>
    </ClInclude>
    <ClInclude Include="..\..\arangod\SkipListsEx\skiplistEx.h">
      <Filter>SkiplistsEx Header</Filter>
    </ClInclude>
    <ClInclude Include="..\..\arangod\SkipListsEx\skiplistExIndex.h">
      <Filter>SkiplistsEx Header</Filter>
    </ClInclude>
    <ClInclude Include="..\..\arangod\CapConstraint\cap-constraint.h">
      <Filter>CapConstraint Header</Filter>
    </ClInclude>
    <ClInclude Include="..\..\arangod\HashIndex\hash-array.h">
      <Filter>HashIndex Header</Filter>
    </ClInclude>
    <ClInclude Include="..\..\arangod\HashIndex\hash-index.h">
      <Filter>HashIndex Header</Filter>
    </ClInclude>
    <ClInclude Include="..\..\arangod\GeoIndex\geo-index.h">
      <Filter>GeoIndex Header</Filter>
    </ClInclude>
    <ClInclude Include="..\..\arangod\VocBase\server-id.h">
      <Filter>VocBase Header</Filter>
    </ClInclude>
    <ClInclude Include="..\..\arangod\GeoIndex\GeoIndex.h">
      <Filter>GeoIndex Header</Filter>
    </ClInclude>
    <ClInclude Include="..\..\arangod\VocBase\update-policy.h">
      <Filter>VocBase Header</Filter>
    </ClInclude>
    <ClInclude Include="..\..\arangod\VocBase\marker.h">
      <Filter>VocBase Header</Filter>
    </ClInclude>
    <ClInclude Include="..\..\arangod\RestHandler\RestUploadHandler.h">
      <Filter>RestHandler Header</Filter>
    </ClInclude>
  </ItemGroup>
</Project>