<?xml version="1.0" encoding="utf-8"?>
<Project ToolsVersion="4.0" xmlns="http://schemas.microsoft.com/developer/msbuild/2003">
  <ItemGroup>
    <None Include="ReadMe.txt" />
  </ItemGroup>
  <ItemGroup>
    <Filter Include="V8 Source">
      <UniqueIdentifier>{5f61dead-1e38-47d7-b610-6226a4dd2980}</UniqueIdentifier>
    </Filter>
    <Filter Include="V8 Header">
      <UniqueIdentifier>{96aaec03-439d-49b0-a2a8-4413b23226dd}</UniqueIdentifier>
    </Filter>
    <Filter Include="SimpleHttpClient Source">
      <UniqueIdentifier>{e3839bb0-7128-49e6-8202-6d5347187ffb}</UniqueIdentifier>
    </Filter>
    <Filter Include="SimpleHttpClient Header">
      <UniqueIdentifier>{988cb65f-d9cb-4c77-b753-9c637a4eca41}</UniqueIdentifier>
    </Filter>
  </ItemGroup>
  <ItemGroup>
    <ClCompile Include="..\..\lib\V8\JSLoader.cpp">
      <Filter>V8 Source</Filter>
    </ClCompile>
    <ClCompile Include="..\..\lib\V8\v8-conv.cpp">
      <Filter>V8 Source</Filter>
    </ClCompile>
    <ClCompile Include="..\..\lib\V8\v8-execution.cpp">
      <Filter>V8 Source</Filter>
    </ClCompile>
    <ClCompile Include="..\..\lib\V8\v8-json.cpp">
      <Filter>V8 Source</Filter>
    </ClCompile>
    <ClCompile Include="..\..\lib\V8\v8-shell.cpp">
      <Filter>V8 Source</Filter>
    </ClCompile>
    <ClCompile Include="..\..\lib\V8\v8-utils.cpp">
      <Filter>V8 Source</Filter>
    </ClCompile>
    <ClCompile Include="..\..\lib\V8\V8LineEditor.cpp">
      <Filter>V8 Source</Filter>
    </ClCompile>
    <ClCompile Include="..\..\lib\V8\v8-globals.cpp">
      <Filter>V8 Source</Filter>
    </ClCompile>
    <ClCompile Include="..\..\lib\V8\v8-buffer.cpp">
      <Filter>V8 Source</Filter>
    </ClCompile>
    <ClCompile Include="..\..\lib\SimpleHttpClient\ClientConnection.cpp">
      <Filter>SimpleHttpClient Source</Filter>
    </ClCompile>
    <ClCompile Include="..\..\lib\SimpleHttpClient\GeneralClientConnection.cpp">
      <Filter>SimpleHttpClient Source</Filter>
    </ClCompile>
    <ClCompile Include="..\..\lib\SimpleHttpClient\SimpleClient.cpp">
      <Filter>SimpleHttpClient Source</Filter>
    </ClCompile>
    <ClCompile Include="..\..\lib\SimpleHttpClient\SimpleHttpClient.cpp">
      <Filter>SimpleHttpClient Source</Filter>
    </ClCompile>
    <ClCompile Include="..\..\lib\SimpleHttpClient\SimpleHttpResult.cpp">
      <Filter>SimpleHttpClient Source</Filter>
    </ClCompile>
    <ClCompile Include="..\..\lib\SimpleHttpClient\SslClientConnection.cpp">
      <Filter>SimpleHttpClient Source</Filter>
    </ClCompile>
  </ItemGroup>
  <ItemGroup>
    <ClInclude Include="..\..\lib\V8\JSLoader.h">
      <Filter>V8 Header</Filter>
    </ClInclude>
    <ClInclude Include="..\..\lib\V8\v8-conv.h">
      <Filter>V8 Header</Filter>
    </ClInclude>
    <ClInclude Include="..\..\lib\V8\v8-execution.h">
      <Filter>V8 Header</Filter>
    </ClInclude>
    <ClInclude Include="..\..\lib\V8\v8-globals.h">
      <Filter>V8 Header</Filter>
    </ClInclude>
    <ClInclude Include="..\..\lib\V8\v8-json.h">
      <Filter>V8 Header</Filter>
    </ClInclude>
    <ClInclude Include="..\..\lib\V8\V8LineEditor.h">
      <Filter>V8 Header</Filter>
    </ClInclude>
    <ClInclude Include="..\..\lib\V8\v8-shell.h">
      <Filter>V8 Header</Filter>
    </ClInclude>
    <ClInclude Include="..\..\lib\V8\v8-utils.h">
      <Filter>V8 Header</Filter>
    </ClInclude>
    <ClInclude Include="..\..\lib\V8\v8-buffer.h">
      <Filter>V8 Header</Filter>
    </ClInclude>
    <ClInclude Include="..\..\lib\SimpleHttpClient\ClientConnection.h">
      <Filter>SimpleHttpClient Header</Filter>
    </ClInclude>
    <ClInclude Include="..\..\lib\SimpleHttpClient\GeneralClientConnection.h">
      <Filter>SimpleHttpClient Header</Filter>
    </ClInclude>
    <ClInclude Include="..\..\lib\SimpleHttpClient\SimpleClient.h">
      <Filter>SimpleHttpClient Header</Filter>
    </ClInclude>
    <ClInclude Include="..\..\lib\SimpleHttpClient\SimpleHttpClient.h">
      <Filter>SimpleHttpClient Header</Filter>
    </ClInclude>
    <ClInclude Include="..\..\lib\SimpleHttpClient\SimpleHttpResult.h">
      <Filter>SimpleHttpClient Header</Filter>
    </ClInclude>
    <ClInclude Include="..\..\lib\SimpleHttpClient\SslClientConnection.h">
      <Filter>SimpleHttpClient Header</Filter>
    </ClInclude>
  </ItemGroup>
</Project>