<?xml version="1.0" encoding="utf-8"?>
<Project ToolsVersion="4.0" xmlns="http://schemas.microsoft.com/developer/msbuild/2003">
  <ItemGroup>
    <None Include="ReadMe.txt" />
  </ItemGroup>
  <ItemGroup>
    <Filter Include="V8 Source">
      <UniqueIdentifier>{5f61dead-1e38-47d7-b610-6226a4dd2980}</UniqueIdentifier>
    </Filter>
    <Filter Include="V8 Header">
      <UniqueIdentifier>{96aaec03-439d-49b0-a2a8-4413b23226dd}</UniqueIdentifier>
    </Filter>
  </ItemGroup>
  <ItemGroup>
    <ClCompile Include="..\..\lib\V8\JSLoader.cpp">
      <Filter>V8 Source</Filter>
    </ClCompile>
    <ClCompile Include="..\..\lib\V8\v8-conv.cpp">
      <Filter>V8 Source</Filter>
    </ClCompile>
    <ClCompile Include="..\..\lib\V8\v8-execution.cpp">
      <Filter>V8 Source</Filter>
    </ClCompile>
    <ClCompile Include="..\..\lib\V8\v8-json.cpp">
      <Filter>V8 Source</Filter>
    </ClCompile>
    <ClCompile Include="..\..\lib\V8\v8-shell.cpp">
      <Filter>V8 Source</Filter>
    </ClCompile>
    <ClCompile Include="..\..\lib\V8\v8-utils.cpp">
      <Filter>V8 Source</Filter>
    </ClCompile>
  </ItemGroup>
  <ItemGroup>
    <ClInclude Include="..\..\lib\V8\JSLoader.h">
      <Filter>V8 Header</Filter>
    </ClInclude>
    <ClInclude Include="..\..\lib\V8\v8-conv.h">
      <Filter>V8 Header</Filter>
    </ClInclude>
    <ClInclude Include="..\..\lib\V8\v8-execution.h">
      <Filter>V8 Header</Filter>
    </ClInclude>
    <ClInclude Include="..\..\lib\V8\v8-globals.h">
      <Filter>V8 Header</Filter>
    </ClInclude>
    <ClInclude Include="..\..\lib\V8\v8-json.h">
      <Filter>V8 Header</Filter>
    </ClInclude>
    <ClInclude Include="..\..\lib\V8\V8LineEditor.h">
      <Filter>V8 Header</Filter>
    </ClInclude>
    <ClInclude Include="..\..\lib\V8\v8-shell.h">
      <Filter>V8 Header</Filter>
    </ClInclude>
    <ClInclude Include="..\..\lib\V8\v8-utils.h">
      <Filter>V8 Header</Filter>
    </ClInclude>
  </ItemGroup>
</Project>