
Microsoft Visual Studio Solution File, Format Version 12.00
# Visual Studio Express 2012 for Windows Desktop
Project("{8BC9CEB8-8B4A-11D0-8D11-00A0C91BC942}") = "ArangoDB Library", "ArangoDB Library\ArangoDB.vcxproj", "{9FB69E35-6ADE-4AAD-9766-B5409C1D2595}"
EndProject
Project("{8BC9CEB8-8B4A-11D0-8D11-00A0C91BC942}") = "Arango Regex Library", "Arango Regex Library\regex-2.7.vcxproj", "{23313837-C0F8-46E2-8F16-6396D72FBF08}"
EndProject
Project("{8BC9CEB8-8B4A-11D0-8D11-00A0C91BC942}") = "Arango Front End Library", "Arango Front End Library\Arango Front End Library.vcxproj", "{4E48A2A8-9F42-41DA-8DEF-6548198E8964}"
EndProject
Project("{8BC9CEB8-8B4A-11D0-8D11-00A0C91BC942}") = "Arango V8 Library", "Arango V8 Library\Arango V8 Library.vcxproj", "{8985F67A-A9CC-41C8-80D4-364678550F2F}"
EndProject
Project("{8BC9CEB8-8B4A-11D0-8D11-00A0C91BC942}") = "Arango MRuby Library", "Arango MRuby Library\Arango MRuby Library.vcxproj", "{13A4B4F9-4D59-4F4C-8B14-AFFCCDA5002B}"
EndProject
Project("{8BC9CEB8-8B4A-11D0-8D11-00A0C91BC942}") = "Arangod Binary", "Arangod Binary\Arangod Binary.vcxproj", "{00364934-E6C8-44F2-957C-0E71383504D0}"
	ProjectSection(ProjectDependencies) = postProject
		{9FB69E35-6ADE-4AAD-9766-B5409C1D2595} = {9FB69E35-6ADE-4AAD-9766-B5409C1D2595}
		{23313837-C0F8-46E2-8F16-6396D72FBF08} = {23313837-C0F8-46E2-8F16-6396D72FBF08}
		{8985F67A-A9CC-41C8-80D4-364678550F2F} = {8985F67A-A9CC-41C8-80D4-364678550F2F}
		{4E48A2A8-9F42-41DA-8DEF-6548198E8964} = {4E48A2A8-9F42-41DA-8DEF-6548198E8964}
		{756B37DA-7F72-4D5C-83C3-F54815AC304F} = {756B37DA-7F72-4D5C-83C3-F54815AC304F}
		{604036DD-7013-4463-B827-D06016BD41FC} = {604036DD-7013-4463-B827-D06016BD41FC}
		{13A4B4F9-4D59-4F4C-8B14-AFFCCDA5002B} = {13A4B4F9-4D59-4F4C-8B14-AFFCCDA5002B}
	EndProjectSection
EndProject
Project("{8BC9CEB8-8B4A-11D0-8D11-00A0C91BC942}") = "Arango Client Library", "Arango Client Library\Arango Client Library.vcxproj", "{604036DD-7013-4463-B827-D06016BD41FC}"
EndProject
Project("{8BC9CEB8-8B4A-11D0-8D11-00A0C91BC942}") = "Arango Readline Library", "Arango Readline Library\readline.vcxproj", "{756B37DA-7F72-4D5C-83C3-F54815AC304F}"
EndProject
Project("{8BC9CEB8-8B4A-11D0-8D11-00A0C91BC942}") = "Arangosh Binary", "Arangosh Binary\Arangosh Binary.vcxproj", "{6BB0D86C-8221-474C-A004-A5CCD1F0AB86}"
	ProjectSection(ProjectDependencies) = postProject
		{9FB69E35-6ADE-4AAD-9766-B5409C1D2595} = {9FB69E35-6ADE-4AAD-9766-B5409C1D2595}
		{8985F67A-A9CC-41C8-80D4-364678550F2F} = {8985F67A-A9CC-41C8-80D4-364678550F2F}
		{604036DD-7013-4463-B827-D06016BD41FC} = {604036DD-7013-4463-B827-D06016BD41FC}
	EndProjectSection
EndProject
Project("{8BC9CEB8-8B4A-11D0-8D11-00A0C91BC942}") = "Arangoimp Binary", "Arangoimp Binary\Arangoimp Binary.vcxproj", "{4C3903F3-396E-489F-954A-75399C64BE92}"
	ProjectSection(ProjectDependencies) = postProject
		{9FB69E35-6ADE-4AAD-9766-B5409C1D2595} = {9FB69E35-6ADE-4AAD-9766-B5409C1D2595}
		{8985F67A-A9CC-41C8-80D4-364678550F2F} = {8985F67A-A9CC-41C8-80D4-364678550F2F}
		{604036DD-7013-4463-B827-D06016BD41FC} = {604036DD-7013-4463-B827-D06016BD41FC}
	EndProjectSection
EndProject
Project("{8BC9CEB8-8B4A-11D0-8D11-00A0C91BC942}") = "Arangodump Binary", "Arangodump Binary\Arangodump Binary.vcxproj", "{B4985B94-29DA-4649-A2F2-FEDF4E0560EF}"
	ProjectSection(ProjectDependencies) = postProject
		{9FB69E35-6ADE-4AAD-9766-B5409C1D2595} = {9FB69E35-6ADE-4AAD-9766-B5409C1D2595}
		{604036DD-7013-4463-B827-D06016BD41FC} = {604036DD-7013-4463-B827-D06016BD41FC}
	EndProjectSection
EndProject
Project("{8BC9CEB8-8B4A-11D0-8D11-00A0C91BC942}") = "Arangorestore Binary", "Arangorestore Binary\Arangorestore Binary.vcxproj", "{9DB047E8-AD65-4EBB-9BD2-D0A0B6F6BB25}"
	ProjectSection(ProjectDependencies) = postProject
		{9FB69E35-6ADE-4AAD-9766-B5409C1D2595} = {9FB69E35-6ADE-4AAD-9766-B5409C1D2595}
		{604036DD-7013-4463-B827-D06016BD41FC} = {604036DD-7013-4463-B827-D06016BD41FC}
	EndProjectSection
EndProject
Project("{8BC9CEB8-8B4A-11D0-8D11-00A0C91BC942}") = "Arangob Binary", "Arangob Binary\Arangob Binary.vcxproj", "{1D51688C-8A5D-4191-A3A6-ACD5D3A8111F}"
	ProjectSection(ProjectDependencies) = postProject
		{9FB69E35-6ADE-4AAD-9766-B5409C1D2595} = {9FB69E35-6ADE-4AAD-9766-B5409C1D2595}
		{604036DD-7013-4463-B827-D06016BD41FC} = {604036DD-7013-4463-B827-D06016BD41FC}
	EndProjectSection
EndProject
Global
	GlobalSection(SolutionConfigurationPlatforms) = preSolution
		Debug|Win32 = Debug|Win32
		Debug|x64 = Debug|x64
		Release|Win32 = Release|Win32
		Release|x64 = Release|x64
	EndGlobalSection
	GlobalSection(ProjectConfigurationPlatforms) = postSolution
		{9FB69E35-6ADE-4AAD-9766-B5409C1D2595}.Debug|Win32.ActiveCfg = Debug|Win32
		{9FB69E35-6ADE-4AAD-9766-B5409C1D2595}.Debug|Win32.Build.0 = Debug|Win32
		{9FB69E35-6ADE-4AAD-9766-B5409C1D2595}.Debug|x64.ActiveCfg = Debug|x64
		{9FB69E35-6ADE-4AAD-9766-B5409C1D2595}.Debug|x64.Build.0 = Debug|x64
		{9FB69E35-6ADE-4AAD-9766-B5409C1D2595}.Release|Win32.ActiveCfg = Release|Win32
		{9FB69E35-6ADE-4AAD-9766-B5409C1D2595}.Release|Win32.Build.0 = Release|Win32
		{9FB69E35-6ADE-4AAD-9766-B5409C1D2595}.Release|x64.ActiveCfg = Release|x64
		{9FB69E35-6ADE-4AAD-9766-B5409C1D2595}.Release|x64.Build.0 = Release|x64
		{23313837-C0F8-46E2-8F16-6396D72FBF08}.Debug|Win32.ActiveCfg = Debug|Win32
		{23313837-C0F8-46E2-8F16-6396D72FBF08}.Debug|Win32.Build.0 = Debug|Win32
		{23313837-C0F8-46E2-8F16-6396D72FBF08}.Debug|x64.ActiveCfg = Debug|x64
		{23313837-C0F8-46E2-8F16-6396D72FBF08}.Debug|x64.Build.0 = Debug|x64
		{23313837-C0F8-46E2-8F16-6396D72FBF08}.Release|Win32.ActiveCfg = Release|Win32
		{23313837-C0F8-46E2-8F16-6396D72FBF08}.Release|Win32.Build.0 = Release|Win32
		{23313837-C0F8-46E2-8F16-6396D72FBF08}.Release|x64.ActiveCfg = Release|x64
		{23313837-C0F8-46E2-8F16-6396D72FBF08}.Release|x64.Build.0 = Release|x64
		{4E48A2A8-9F42-41DA-8DEF-6548198E8964}.Debug|Win32.ActiveCfg = Debug|Win32
		{4E48A2A8-9F42-41DA-8DEF-6548198E8964}.Debug|Win32.Build.0 = Debug|Win32
		{4E48A2A8-9F42-41DA-8DEF-6548198E8964}.Debug|x64.ActiveCfg = Debug|x64
		{4E48A2A8-9F42-41DA-8DEF-6548198E8964}.Debug|x64.Build.0 = Debug|x64
		{4E48A2A8-9F42-41DA-8DEF-6548198E8964}.Release|Win32.ActiveCfg = Release|Win32
		{4E48A2A8-9F42-41DA-8DEF-6548198E8964}.Release|Win32.Build.0 = Release|Win32
		{4E48A2A8-9F42-41DA-8DEF-6548198E8964}.Release|x64.ActiveCfg = Release|x64
		{4E48A2A8-9F42-41DA-8DEF-6548198E8964}.Release|x64.Build.0 = Release|x64
		{8985F67A-A9CC-41C8-80D4-364678550F2F}.Debug|Win32.ActiveCfg = Debug|Win32
		{8985F67A-A9CC-41C8-80D4-364678550F2F}.Debug|Win32.Build.0 = Debug|Win32
		{8985F67A-A9CC-41C8-80D4-364678550F2F}.Debug|x64.ActiveCfg = Debug|x64
		{8985F67A-A9CC-41C8-80D4-364678550F2F}.Debug|x64.Build.0 = Debug|x64
		{8985F67A-A9CC-41C8-80D4-364678550F2F}.Release|Win32.ActiveCfg = Release|Win32
		{8985F67A-A9CC-41C8-80D4-364678550F2F}.Release|Win32.Build.0 = Release|Win32
		{8985F67A-A9CC-41C8-80D4-364678550F2F}.Release|x64.ActiveCfg = Release|x64
		{8985F67A-A9CC-41C8-80D4-364678550F2F}.Release|x64.Build.0 = Release|x64
		{13A4B4F9-4D59-4F4C-8B14-AFFCCDA5002B}.Debug|Win32.ActiveCfg = Debug|Win32
		{13A4B4F9-4D59-4F4C-8B14-AFFCCDA5002B}.Debug|Win32.Build.0 = Debug|Win32
		{13A4B4F9-4D59-4F4C-8B14-AFFCCDA5002B}.Debug|x64.ActiveCfg = Debug|x64
		{13A4B4F9-4D59-4F4C-8B14-AFFCCDA5002B}.Debug|x64.Build.0 = Debug|x64
		{13A4B4F9-4D59-4F4C-8B14-AFFCCDA5002B}.Release|Win32.ActiveCfg = Release|Win32
		{13A4B4F9-4D59-4F4C-8B14-AFFCCDA5002B}.Release|Win32.Build.0 = Release|Win32
		{13A4B4F9-4D59-4F4C-8B14-AFFCCDA5002B}.Release|x64.ActiveCfg = Release|x64
		{13A4B4F9-4D59-4F4C-8B14-AFFCCDA5002B}.Release|x64.Build.0 = Release|x64
		{00364934-E6C8-44F2-957C-0E71383504D0}.Debug|Win32.ActiveCfg = Debug|Win32
		{00364934-E6C8-44F2-957C-0E71383504D0}.Debug|Win32.Build.0 = Debug|Win32
		{00364934-E6C8-44F2-957C-0E71383504D0}.Debug|x64.ActiveCfg = Debug|x64
		{00364934-E6C8-44F2-957C-0E71383504D0}.Debug|x64.Build.0 = Debug|x64
		{00364934-E6C8-44F2-957C-0E71383504D0}.Release|Win32.ActiveCfg = Release|Win32
		{00364934-E6C8-44F2-957C-0E71383504D0}.Release|Win32.Build.0 = Release|Win32
		{00364934-E6C8-44F2-957C-0E71383504D0}.Release|x64.ActiveCfg = Release|x64
		{00364934-E6C8-44F2-957C-0E71383504D0}.Release|x64.Build.0 = Release|x64
		{604036DD-7013-4463-B827-D06016BD41FC}.Debug|Win32.ActiveCfg = Debug|Win32
		{604036DD-7013-4463-B827-D06016BD41FC}.Debug|Win32.Build.0 = Debug|Win32
		{604036DD-7013-4463-B827-D06016BD41FC}.Debug|x64.ActiveCfg = Debug|x64
		{604036DD-7013-4463-B827-D06016BD41FC}.Debug|x64.Build.0 = Debug|x64
		{604036DD-7013-4463-B827-D06016BD41FC}.Release|Win32.ActiveCfg = Release|Win32
		{604036DD-7013-4463-B827-D06016BD41FC}.Release|Win32.Build.0 = Release|Win32
		{604036DD-7013-4463-B827-D06016BD41FC}.Release|x64.ActiveCfg = Release|x64
		{604036DD-7013-4463-B827-D06016BD41FC}.Release|x64.Build.0 = Release|x64
		{756B37DA-7F72-4D5C-83C3-F54815AC304F}.Debug|Win32.ActiveCfg = Debug|Win32
		{756B37DA-7F72-4D5C-83C3-F54815AC304F}.Debug|Win32.Build.0 = Debug|Win32
		{756B37DA-7F72-4D5C-83C3-F54815AC304F}.Debug|x64.ActiveCfg = Debug|x64
		{756B37DA-7F72-4D5C-83C3-F54815AC304F}.Debug|x64.Build.0 = Debug|x64
		{756B37DA-7F72-4D5C-83C3-F54815AC304F}.Release|Win32.ActiveCfg = Release|Win32
		{756B37DA-7F72-4D5C-83C3-F54815AC304F}.Release|Win32.Build.0 = Release|Win32
		{756B37DA-7F72-4D5C-83C3-F54815AC304F}.Release|x64.ActiveCfg = Release|x64
		{756B37DA-7F72-4D5C-83C3-F54815AC304F}.Release|x64.Build.0 = Release|x64
		{6BB0D86C-8221-474C-A004-A5CCD1F0AB86}.Debug|Win32.ActiveCfg = Debug|Win32
		{6BB0D86C-8221-474C-A004-A5CCD1F0AB86}.Debug|Win32.Build.0 = Debug|Win32
		{6BB0D86C-8221-474C-A004-A5CCD1F0AB86}.Debug|x64.ActiveCfg = Debug|x64
		{6BB0D86C-8221-474C-A004-A5CCD1F0AB86}.Debug|x64.Build.0 = Debug|x64
		{6BB0D86C-8221-474C-A004-A5CCD1F0AB86}.Release|Win32.ActiveCfg = Release|Win32
		{6BB0D86C-8221-474C-A004-A5CCD1F0AB86}.Release|Win32.Build.0 = Release|Win32
		{6BB0D86C-8221-474C-A004-A5CCD1F0AB86}.Release|x64.ActiveCfg = Release|x64
		{6BB0D86C-8221-474C-A004-A5CCD1F0AB86}.Release|x64.Build.0 = Release|x64
		{4C3903F3-396E-489F-954A-75399C64BE92}.Debug|Win32.ActiveCfg = Debug|Win32
		{4C3903F3-396E-489F-954A-75399C64BE92}.Debug|Win32.Build.0 = Debug|Win32
		{4C3903F3-396E-489F-954A-75399C64BE92}.Debug|x64.ActiveCfg = Debug|x64
		{4C3903F3-396E-489F-954A-75399C64BE92}.Debug|x64.Build.0 = Debug|x64
		{4C3903F3-396E-489F-954A-75399C64BE92}.Release|Win32.ActiveCfg = Release|Win32
		{4C3903F3-396E-489F-954A-75399C64BE92}.Release|Win32.Build.0 = Release|Win32
		{4C3903F3-396E-489F-954A-75399C64BE92}.Release|x64.ActiveCfg = Release|x64
		{4C3903F3-396E-489F-954A-75399C64BE92}.Release|x64.Build.0 = Release|x64
		{B4985B94-29DA-4649-A2F2-FEDF4E0560EF}.Debug|Win32.ActiveCfg = Debug|Win32
		{B4985B94-29DA-4649-A2F2-FEDF4E0560EF}.Debug|Win32.Build.0 = Debug|Win32
		{B4985B94-29DA-4649-A2F2-FEDF4E0560EF}.Debug|x64.ActiveCfg = Debug|x64
		{B4985B94-29DA-4649-A2F2-FEDF4E0560EF}.Debug|x64.Build.0 = Debug|x64
		{B4985B94-29DA-4649-A2F2-FEDF4E0560EF}.Release|Win32.ActiveCfg = Release|Win32
		{B4985B94-29DA-4649-A2F2-FEDF4E0560EF}.Release|Win32.Build.0 = Release|Win32
		{B4985B94-29DA-4649-A2F2-FEDF4E0560EF}.Release|x64.ActiveCfg = Release|x64
		{B4985B94-29DA-4649-A2F2-FEDF4E0560EF}.Release|x64.Build.0 = Release|x64
		{9DB047E8-AD65-4EBB-9BD2-D0A0B6F6BB25}.Debug|Win32.ActiveCfg = Debug|Win32
		{9DB047E8-AD65-4EBB-9BD2-D0A0B6F6BB25}.Debug|Win32.Build.0 = Debug|Win32
		{9DB047E8-AD65-4EBB-9BD2-D0A0B6F6BB25}.Debug|x64.ActiveCfg = Debug|x64
		{9DB047E8-AD65-4EBB-9BD2-D0A0B6F6BB25}.Debug|x64.Build.0 = Debug|x64
		{9DB047E8-AD65-4EBB-9BD2-D0A0B6F6BB25}.Release|Win32.ActiveCfg = Release|Win32
		{9DB047E8-AD65-4EBB-9BD2-D0A0B6F6BB25}.Release|Win32.Build.0 = Release|Win32
		{9DB047E8-AD65-4EBB-9BD2-D0A0B6F6BB25}.Release|x64.ActiveCfg = Release|x64
		{9DB047E8-AD65-4EBB-9BD2-D0A0B6F6BB25}.Release|x64.Build.0 = Release|x64
		{1D51688C-8A5D-4191-A3A6-ACD5D3A8111F}.Debug|Win32.ActiveCfg = Debug|Win32
		{1D51688C-8A5D-4191-A3A6-ACD5D3A8111F}.Debug|Win32.Build.0 = Debug|Win32
		{1D51688C-8A5D-4191-A3A6-ACD5D3A8111F}.Debug|x64.ActiveCfg = Debug|x64
		{1D51688C-8A5D-4191-A3A6-ACD5D3A8111F}.Debug|x64.Build.0 = Debug|x64
		{1D51688C-8A5D-4191-A3A6-ACD5D3A8111F}.Release|Win32.ActiveCfg = Release|Win32
		{1D51688C-8A5D-4191-A3A6-ACD5D3A8111F}.Release|Win32.Build.0 = Release|Win32
		{1D51688C-8A5D-4191-A3A6-ACD5D3A8111F}.Release|x64.ActiveCfg = Release|x64
		{1D51688C-8A5D-4191-A3A6-ACD5D3A8111F}.Release|x64.Build.0 = Release|x64
	EndGlobalSection
	GlobalSection(SolutionProperties) = preSolution
		HideSolutionNode = FALSE
	EndGlobalSection
EndGlobal
