<?xml version="1.0" encoding="utf-8"?>
<Project ToolsVersion="4.0" xmlns="http://schemas.microsoft.com/developer/msbuild/2003">
  <ItemGroup>
    <Filter Include="Admin Source">
      <UniqueIdentifier>{4FC737F1-C7A5-4376-A066-2A32D752A2FF}</UniqueIdentifier>
      <Extensions>cpp;c;cc;cxx;def;odl;idl;hpj;bat;asm;asmx</Extensions>
    </Filter>
    <Filter Include="Admin Header">
      <UniqueIdentifier>{93995380-89BD-4b04-88EB-625FBE52EBFB}</UniqueIdentifier>
      <Extensions>h;hpp;hxx;hm;inl;inc;xsd</Extensions>
    </Filter>
    <Filter Include="App Server Source">
      <UniqueIdentifier>{e2280a22-c4c5-4009-8e14-9c47d27aa4da}</UniqueIdentifier>
    </Filter>
    <Filter Include="App Server Header">
      <UniqueIdentifier>{993b8d0b-0429-4e09-8a72-6e57d4fa7f0d}</UniqueIdentifier>
    </Filter>
    <Filter Include="Dispatcher Source">
      <UniqueIdentifier>{ea3091f3-e0c6-42f2-ac50-47a3afb06060}</UniqueIdentifier>
    </Filter>
    <Filter Include="Dispatcher Header">
      <UniqueIdentifier>{6864000c-6aec-4d23-912f-cc413d696a83}</UniqueIdentifier>
    </Filter>
    <Filter Include="Http Server Source">
      <UniqueIdentifier>{67b74899-011b-4254-a82d-86cf442a25d5}</UniqueIdentifier>
    </Filter>
    <Filter Include="Http Server Header">
      <UniqueIdentifier>{77913628-8193-462a-9f10-d49158efad9c}</UniqueIdentifier>
    </Filter>
    <Filter Include="Scheduler Source">
      <UniqueIdentifier>{4735afb3-3596-4d17-b779-d0a524afecbd}</UniqueIdentifier>
    </Filter>
    <Filter Include="Scheduler Header">
      <UniqueIdentifier>{5bcf4578-d074-498d-99fe-b604c78fd975}</UniqueIdentifier>
    </Filter>
    <Filter Include="Libev header">
      <UniqueIdentifier>{067753ed-09a5-4aea-b88f-4d6494535b08}</UniqueIdentifier>
    </Filter>
    <Filter Include="Libev source">
      <UniqueIdentifier>{cf6a3132-a919-4092-8c66-faaf035c29df}</UniqueIdentifier>
    </Filter>
  </ItemGroup>
  <ItemGroup>
    <None Include="ReadMe.txt" />
  </ItemGroup>
  <ItemGroup>
    <ClInclude Include="..\..\lib\Admin\ApplicationAdminServer.h">
      <Filter>Admin Header</Filter>
    </ClInclude>
    <ClInclude Include="..\..\lib\Admin\RestAdminBaseHandler.h">
      <Filter>Admin Header</Filter>
    </ClInclude>
    <ClInclude Include="..\..\lib\Admin\RestAdminLogHandler.h">
      <Filter>Admin Header</Filter>
    </ClInclude>
    <ClInclude Include="..\..\lib\Admin\RestBaseHandler.h">
      <Filter>Admin Header</Filter>
    </ClInclude>
    <ClInclude Include="..\..\lib\Admin\RestHandlerCreator.h">
      <Filter>Admin Header</Filter>
    </ClInclude>
    <ClInclude Include="..\..\lib\Admin\RestVersionHandler.h">
      <Filter>Admin Header</Filter>
    </ClInclude>
    <ClInclude Include="..\..\lib\ApplicationServer\ApplicationFeature.h">
      <Filter>App Server Header</Filter>
    </ClInclude>
    <ClInclude Include="..\..\lib\ApplicationServer\ApplicationServer.h">
      <Filter>App Server Header</Filter>
    </ClInclude>
    <ClInclude Include="..\..\lib\Dispatcher\ApplicationDispatcher.h">
      <Filter>Dispatcher Header</Filter>
    </ClInclude>
    <ClInclude Include="..\..\lib\Dispatcher\Dispatcher.h">
      <Filter>Dispatcher Header</Filter>
    </ClInclude>
    <ClInclude Include="..\..\lib\Dispatcher\DispatcherQueue.h">
      <Filter>Dispatcher Header</Filter>
    </ClInclude>
    <ClInclude Include="..\..\lib\Dispatcher\DispatcherThread.h">
      <Filter>Dispatcher Header</Filter>
    </ClInclude>
    <ClInclude Include="..\..\lib\Dispatcher\Job.h">
      <Filter>Dispatcher Header</Filter>
    </ClInclude>
    <ClInclude Include="..\..\lib\Dispatcher\JobObserver.h">
      <Filter>Dispatcher Header</Filter>
    </ClInclude>
    <ClInclude Include="..\..\lib\HttpServer\ApplicationEndpointServer.h">
      <Filter>Http Server Header</Filter>
    </ClInclude>
    <ClInclude Include="..\..\lib\HttpServer\GeneralHttpServer.h">
      <Filter>Http Server Header</Filter>
    </ClInclude>
    <ClInclude Include="..\..\lib\HttpServer\HttpCommTask.h">
      <Filter>Http Server Header</Filter>
    </ClInclude>
    <ClInclude Include="..\..\lib\HttpServer\HttpHandler.h">
      <Filter>Http Server Header</Filter>
    </ClInclude>
    <ClInclude Include="..\..\lib\HttpServer\HttpHandlerFactory.h">
      <Filter>Http Server Header</Filter>
    </ClInclude>
    <ClInclude Include="..\..\lib\HttpServer\HttpServer.h">
      <Filter>Http Server Header</Filter>
    </ClInclude>
    <ClInclude Include="..\..\lib\HttpServer\HttpsServer.h">
      <Filter>Http Server Header</Filter>
    </ClInclude>
    <ClInclude Include="..\..\lib\HttpServer\PathHandler.h">
      <Filter>Http Server Header</Filter>
    </ClInclude>
    <ClInclude Include="..\..\lib\HttpServer\RedirectHandler.h">
      <Filter>Http Server Header</Filter>
    </ClInclude>
    <ClInclude Include="..\..\lib\HttpServer\ServiceUnavailableHandler.h">
      <Filter>Http Server Header</Filter>
    </ClInclude>
    <ClInclude Include="..\..\lib\Scheduler\ApplicationScheduler.h">
      <Filter>Scheduler Header</Filter>
    </ClInclude>
    <ClInclude Include="..\..\lib\Scheduler\AsyncTask.h">
      <Filter>Scheduler Header</Filter>
    </ClInclude>
    <ClInclude Include="..\..\lib\Scheduler\events.h">
      <Filter>Scheduler Header</Filter>
    </ClInclude>
    <ClInclude Include="..\..\lib\Scheduler\ListenTask.h">
      <Filter>Scheduler Header</Filter>
    </ClInclude>
    <ClInclude Include="..\..\lib\Scheduler\PeriodicTask.h">
      <Filter>Scheduler Header</Filter>
    </ClInclude>
    <ClInclude Include="..\..\lib\Scheduler\Scheduler.h">
      <Filter>Scheduler Header</Filter>
    </ClInclude>
    <ClInclude Include="..\..\lib\Scheduler\SchedulerLibev.h">
      <Filter>Scheduler Header</Filter>
    </ClInclude>
    <ClInclude Include="..\..\lib\Scheduler\SchedulerThread.h">
      <Filter>Scheduler Header</Filter>
    </ClInclude>
    <ClInclude Include="..\..\lib\Scheduler\SignalTask.h">
      <Filter>Scheduler Header</Filter>
    </ClInclude>
    <ClInclude Include="..\..\lib\Scheduler\SocketTask.h">
      <Filter>Scheduler Header</Filter>
    </ClInclude>
    <ClInclude Include="..\..\lib\Scheduler\Task.h">
      <Filter>Scheduler Header</Filter>
    </ClInclude>
    <ClInclude Include="..\..\lib\Scheduler\TaskManager.h">
      <Filter>Scheduler Header</Filter>
    </ClInclude>
    <ClInclude Include="..\..\lib\Scheduler\TimerTask.h">
      <Filter>Scheduler Header</Filter>
    </ClInclude>
    <ClInclude Include="..\..\3rdParty\VisualStudio\libev-4.01\ev_wrap.h">
      <Filter>Libev header</Filter>
    </ClInclude>
    <ClInclude Include="..\..\lib\GeneralServer\EndpointServer.h">
      <Filter>Http Server Header</Filter>
    </ClInclude>
    <ClInclude Include="..\..\lib\GeneralServer\GeneralAsyncCommTask.h">
      <Filter>Http Server Header</Filter>
    </ClInclude>
    <ClInclude Include="..\..\lib\GeneralServer\GeneralCommTask.h">
      <Filter>Http Server Header</Filter>
    </ClInclude>
    <ClInclude Include="..\..\lib\GeneralServer\GeneralListenTask.h">
      <Filter>Http Server Header</Filter>
    </ClInclude>
    <ClInclude Include="..\..\lib\GeneralServer\GeneralServer.h">
      <Filter>Http Server Header</Filter>
    </ClInclude>
    <ClInclude Include="..\..\lib\GeneralServer\GeneralServerDispatcher.h">
      <Filter>Http Server Header</Filter>
    </ClInclude>
    <ClInclude Include="..\..\lib\GeneralServer\GeneralServerJob.h">
      <Filter>Http Server Header</Filter>
    </ClInclude>
    <ClInclude Include="..\..\lib\GeneralServer\GeneralSslServer.h">
      <Filter>Http Server Header</Filter>
    </ClInclude>
    <ClInclude Include="..\..\lib\GeneralServer\SpecificCommTask.h">
      <Filter>Http Server Header</Filter>
    </ClInclude>
    <ClInclude Include="..\..\lib\GeneralServer\SslAsyncCommTask.h">
      <Filter>Http Server Header</Filter>
    </ClInclude>
  </ItemGroup>
  <ItemGroup>
    <ClCompile Include="..\..\lib\Admin\ApplicationAdminServer.cpp">
      <Filter>Admin Source</Filter>
    </ClCompile>
    <ClCompile Include="..\..\lib\Admin\RestAdminBaseHandler.cpp">
      <Filter>Admin Source</Filter>
    </ClCompile>
    <ClCompile Include="..\..\lib\Admin\RestAdminLogHandler.cpp">
      <Filter>Admin Source</Filter>
    </ClCompile>
    <ClCompile Include="..\..\lib\Admin\RestBaseHandler.cpp">
      <Filter>Admin Source</Filter>
    </ClCompile>
    <ClCompile Include="..\..\lib\Admin\RestVersionHandler.cpp">
      <Filter>Admin Source</Filter>
    </ClCompile>
    <ClCompile Include="..\..\lib\ApplicationServer\ApplicationFeature.cpp">
      <Filter>App Server Source</Filter>
    </ClCompile>
    <ClCompile Include="..\..\lib\ApplicationServer\ApplicationServer.cpp">
      <Filter>App Server Source</Filter>
    </ClCompile>
    <ClCompile Include="..\..\lib\Dispatcher\ApplicationDispatcher.cpp">
      <Filter>Dispatcher Source</Filter>
    </ClCompile>
    <ClCompile Include="..\..\lib\Dispatcher\Dispatcher.cpp">
      <Filter>Dispatcher Source</Filter>
    </ClCompile>
    <ClCompile Include="..\..\lib\Dispatcher\DispatcherQueue.cpp">
      <Filter>Dispatcher Source</Filter>
    </ClCompile>
    <ClCompile Include="..\..\lib\Dispatcher\DispatcherThread.cpp">
      <Filter>Dispatcher Source</Filter>
    </ClCompile>
    <ClCompile Include="..\..\lib\Dispatcher\Job.cpp">
      <Filter>Dispatcher Source</Filter>
    </ClCompile>
    <ClCompile Include="..\..\lib\HttpServer\ApplicationEndpointServer.cpp">
      <Filter>Http Server Source</Filter>
    </ClCompile>
    <ClCompile Include="..\..\lib\HttpServer\HttpHandler.cpp">
      <Filter>Http Server Source</Filter>
    </ClCompile>
    <ClCompile Include="..\..\lib\HttpServer\HttpHandlerFactory.cpp">
      <Filter>Http Server Source</Filter>
    </ClCompile>
    <ClCompile Include="..\..\lib\HttpServer\PathHandler.cpp">
      <Filter>Http Server Source</Filter>
    </ClCompile>
    <ClCompile Include="..\..\lib\HttpServer\RedirectHandler.cpp">
      <Filter>Http Server Source</Filter>
    </ClCompile>
    <ClCompile Include="..\..\lib\HttpServer\ServiceUnavailableHandler.cpp">
      <Filter>Http Server Source</Filter>
    </ClCompile>
    <ClCompile Include="..\..\lib\Scheduler\ApplicationScheduler.cpp">
      <Filter>Scheduler Source</Filter>
    </ClCompile>
    <ClCompile Include="..\..\lib\Scheduler\AsyncTask.cpp">
      <Filter>Scheduler Source</Filter>
    </ClCompile>
    <ClCompile Include="..\..\lib\Scheduler\ListenTask.cpp">
      <Filter>Scheduler Source</Filter>
    </ClCompile>
    <ClCompile Include="..\..\lib\Scheduler\PeriodicTask.cpp">
      <Filter>Scheduler Source</Filter>
    </ClCompile>
    <ClCompile Include="..\..\lib\Scheduler\Scheduler.cpp">
      <Filter>Scheduler Source</Filter>
    </ClCompile>
    <ClCompile Include="..\..\lib\Scheduler\SchedulerLibev.cpp">
      <Filter>Scheduler Source</Filter>
    </ClCompile>
    <ClCompile Include="..\..\lib\Scheduler\SchedulerThread.cpp">
      <Filter>Scheduler Source</Filter>
    </ClCompile>
    <ClCompile Include="..\..\lib\Scheduler\SignalTask.cpp">
      <Filter>Scheduler Source</Filter>
    </ClCompile>
    <ClCompile Include="..\..\lib\Scheduler\SocketTask.cpp">
      <Filter>Scheduler Source</Filter>
    </ClCompile>
    <ClCompile Include="..\..\lib\Scheduler\TaskManager.cpp">
      <Filter>Scheduler Source</Filter>
    </ClCompile>
    <ClCompile Include="..\..\lib\Scheduler\TimerTask.cpp">
      <Filter>Scheduler Source</Filter>
    </ClCompile>
    <ClCompile Include="..\..\lib\Scheduler\Task.cpp">
      <Filter>Scheduler Source</Filter>
    </ClCompile>
    <ClCompile Include="..\..\3rdParty\VisualStudio\libev\evwrap.c">
      <Filter>Libev source</Filter>
    </ClCompile>
  </ItemGroup>
</Project>