<?xml version="1.0" encoding="utf-8"?>
<Project ToolsVersion="4.0" xmlns="http://schemas.microsoft.com/developer/msbuild/2003">
  <ItemGroup>
    <Filter Include="SimpleHttpClient Header">
      <UniqueIdentifier>{93995380-89BD-4b04-88EB-625FBE52EBFB}</UniqueIdentifier>
      <Extensions>h;hpp;hxx;hm;inl;inc;xsd</Extensions>
    </Filter>
    <Filter Include="SimpleHttpClient Source">
      <UniqueIdentifier>{4FC737F1-C7A5-4376-A066-2A32D752A2FF}</UniqueIdentifier>
      <Extensions>cpp;c;cc;cxx;def;odl;idl;hpj;bat;asm;asmx</Extensions>
    </Filter>
  </ItemGroup>
  <ItemGroup>
    <None Include="ReadMe.txt" />
  </ItemGroup>
  <ItemGroup>
    <ClInclude Include="..\..\lib\SimpleHttpClient\ClientConnection.h">
      <Filter>SimpleHttpClient Header</Filter>
    </ClInclude>
    <ClInclude Include="..\..\lib\SimpleHttpClient\GeneralClientConnection.h">
      <Filter>SimpleHttpClient Header</Filter>
    </ClInclude>
    <ClInclude Include="..\..\lib\SimpleHttpClient\SimpleClient.h">
      <Filter>SimpleHttpClient Header</Filter>
    </ClInclude>
    <ClInclude Include="..\..\lib\SimpleHttpClient\SimpleHttpClient.h">
      <Filter>SimpleHttpClient Header</Filter>
    </ClInclude>
    <ClInclude Include="..\..\lib\SimpleHttpClient\SimpleHttpResult.h">
      <Filter>SimpleHttpClient Header</Filter>
    </ClInclude>
    <ClInclude Include="..\..\lib\SimpleHttpClient\SslClientConnection.h">
      <Filter>SimpleHttpClient Header</Filter>
    </ClInclude>
  </ItemGroup>
  <ItemGroup>
    <ClCompile Include="..\..\lib\SimpleHttpClient\ClientConnection.cpp">
      <Filter>SimpleHttpClient Source</Filter>
    </ClCompile>
    <ClCompile Include="..\..\lib\SimpleHttpClient\GeneralClientConnection.cpp">
      <Filter>SimpleHttpClient Source</Filter>
    </ClCompile>
    <ClCompile Include="..\..\lib\SimpleHttpClient\SimpleClient.cpp">
      <Filter>SimpleHttpClient Source</Filter>
    </ClCompile>
    <ClCompile Include="..\..\lib\SimpleHttpClient\SimpleHttpClient.cpp">
      <Filter>SimpleHttpClient Source</Filter>
    </ClCompile>
    <ClCompile Include="..\..\lib\SimpleHttpClient\SimpleHttpResult.cpp">
      <Filter>SimpleHttpClient Source</Filter>
    </ClCompile>
    <ClCompile Include="..\..\lib\SimpleHttpClient\SslClientConnection.cpp">
      <Filter>SimpleHttpClient Source</Filter>
    </ClCompile>
  </ItemGroup>
</Project>