<?xml version="1.0" encoding="utf-8"?>
<Project ToolsVersion="4.0" xmlns="http://schemas.microsoft.com/developer/msbuild/2003">
  <ItemGroup>
    <Filter Include="BasicsSource">
      <UniqueIdentifier>{53a4d6cc-67a7-4d40-9be3-9253d711f472}</UniqueIdentifier>
      <Extensions>*.cpp</Extensions>
    </Filter>
    <Filter Include="BasicsHeader">
      <UniqueIdentifier>{ae34757c-5ba9-4c8a-bada-cf8624cbfd6f}</UniqueIdentifier>
      <Extensions>*.h</Extensions>
    </Filter>
    <Filter Include="BasicsCSource">
      <UniqueIdentifier>{4FC737F1-C7A5-4376-A066-2A32D752A2FF}</UniqueIdentifier>
      <Extensions>cpp;c;cc;cxx;def;odl;idl;hpj;bat;asm;asmx</Extensions>
    </Filter>
    <Filter Include="BasicsCHeader">
      <UniqueIdentifier>{93995380-89BD-4b04-88EB-625FBE52EBFB}</UniqueIdentifier>
      <Extensions>h;hpp;hxx;hm;inl;inc;xsd</Extensions>
    </Filter>
    <Filter Include="JsonParserSource">
      <UniqueIdentifier>{28ae53c5-3ac5-49b5-abf4-ec2321f41c8f}</UniqueIdentifier>
    </Filter>
    <Filter Include="LoggerHeader">
      <UniqueIdentifier>{cf6ecca5-a2ef-47fe-b9fc-c17a52da9e04}</UniqueIdentifier>
    </Filter>
    <Filter Include="LoggerSource">
      <UniqueIdentifier>{27c91776-4c83-4e65-8895-6ce7201ec139}</UniqueIdentifier>
    </Filter>
    <Filter Include="ProgramOptionsHeader">
      <UniqueIdentifier>{56012718-9628-4580-bc19-92871477432f}</UniqueIdentifier>
    </Filter>
    <Filter Include="ProgramOptionsSource">
      <UniqueIdentifier>{7b32781c-5d64-4c21-ad79-e33d9c3e2b38}</UniqueIdentifier>
    </Filter>
    <Filter Include="ShapedJsonSource">
      <UniqueIdentifier>{3321fbe1-28e3-4ab9-9a81-0bb5435edd68}</UniqueIdentifier>
    </Filter>
    <Filter Include="ShapedJsonHeader">
      <UniqueIdentifier>{4e9d39ca-3c05-4cf6-9056-d8ab6f13ee64}</UniqueIdentifier>
    </Filter>
    <Filter Include="StatisticsSource">
      <UniqueIdentifier>{bbf414b5-5c1e-4a33-bd44-31038a405c1c}</UniqueIdentifier>
    </Filter>
    <Filter Include="StatisticsHeader">
      <UniqueIdentifier>{69b9c270-7609-4618-96ab-66ff0de38660}</UniqueIdentifier>
    </Filter>
    <Filter Include="UtilitiesSource">
      <UniqueIdentifier>{a540a2d9-91ef-4965-a778-b2308c020177}</UniqueIdentifier>
    </Filter>
    <Filter Include="UtilitiesHeader">
      <UniqueIdentifier>{8af0e8a0-812e-46db-871a-570053b35d33}</UniqueIdentifier>
    </Filter>
    <Filter Include="RestSource">
      <UniqueIdentifier>{d1e17e7c-ac46-4988-b16e-517eb1a6636b}</UniqueIdentifier>
    </Filter>
    <Filter Include="RestHeader">
      <UniqueIdentifier>{61bb5eec-939f-46c6-bf8e-aed922fa0297}</UniqueIdentifier>
    </Filter>
    <Filter Include="ZipHeader">
      <UniqueIdentifier>{abf44e06-5cb6-4382-8b4a-97dfce728dd8}</UniqueIdentifier>
    </Filter>
    <Filter Include="ZipSource">
      <UniqueIdentifier>{d757b218-fa98-41d3-bed8-c550d2903e66}</UniqueIdentifier>
    </Filter>
  </ItemGroup>
  <ItemGroup>
    <ClInclude Include="..\..\lib\BasicsC\associative.h">
      <Filter>BasicsCHeader</Filter>
    </ClInclude>
    <ClInclude Include="..\..\lib\BasicsC\associative-multi.h">
      <Filter>BasicsCHeader</Filter>
    </ClInclude>
    <ClInclude Include="..\..\lib\BasicsC\common.h">
      <Filter>BasicsCHeader</Filter>
    </ClInclude>
    <ClInclude Include="..\..\lib\BasicsC\conversions.h">
      <Filter>BasicsCHeader</Filter>
    </ClInclude>
    <ClInclude Include="..\..\lib\BasicsC\csv.h">
      <Filter>BasicsCHeader</Filter>
    </ClInclude>
    <ClInclude Include="..\..\lib\BasicsC\error.h">
      <Filter>BasicsCHeader</Filter>
    </ClInclude>
    <ClInclude Include="..\..\lib\BasicsC\files.h">
      <Filter>BasicsCHeader</Filter>
    </ClInclude>
    <ClInclude Include="..\..\lib\BasicsC\hashes.h">
      <Filter>BasicsCHeader</Filter>
    </ClInclude>
    <ClInclude Include="..\..\lib\BasicsC\init.h">
      <Filter>BasicsCHeader</Filter>
    </ClInclude>
    <ClInclude Include="..\..\lib\BasicsC\json.h">
      <Filter>BasicsCHeader</Filter>
    </ClInclude>
    <ClInclude Include="..\..\lib\BasicsC\json-utilities.h">
      <Filter>BasicsCHeader</Filter>
    </ClInclude>
    <ClInclude Include="..\..\lib\BasicsC\linked-list.h">
      <Filter>BasicsCHeader</Filter>
    </ClInclude>
    <ClInclude Include="..\..\lib\BasicsC\locks.h">
      <Filter>BasicsCHeader</Filter>
    </ClInclude>
    <ClInclude Include="..\..\lib\BasicsC\locks-macos.h">
      <Filter>BasicsCHeader</Filter>
    </ClInclude>
    <ClInclude Include="..\..\lib\BasicsC\locks-win32.h">
      <Filter>BasicsCHeader</Filter>
    </ClInclude>
    <ClInclude Include="..\..\lib\BasicsC\logging.h">
      <Filter>BasicsCHeader</Filter>
    </ClInclude>
    <ClInclude Include="..\..\lib\BasicsC\memory.h">
      <Filter>BasicsCHeader</Filter>
    </ClInclude>
    <ClInclude Include="..\..\lib\BasicsC\operating-system.h">
      <Filter>BasicsCHeader</Filter>
    </ClInclude>
    <ClInclude Include="..\..\lib\BasicsC\process-utils.h">
      <Filter>BasicsCHeader</Filter>
    </ClInclude>
    <ClInclude Include="..\..\lib\BasicsC\random.h">
      <Filter>BasicsCHeader</Filter>
    </ClInclude>
    <ClInclude Include="..\..\lib\BasicsC\socket-utils.h">
      <Filter>BasicsCHeader</Filter>
    </ClInclude>
    <ClInclude Include="..\..\lib\BasicsC\string-buffer.h">
      <Filter>BasicsCHeader</Filter>
    </ClInclude>
    <ClInclude Include="..\..\lib\BasicsC\strings.h">
      <Filter>BasicsCHeader</Filter>
    </ClInclude>
    <ClInclude Include="..\..\lib\BasicsC\structures.h">
      <Filter>BasicsCHeader</Filter>
    </ClInclude>
    <ClInclude Include="..\..\lib\BasicsC\system-compiler.h">
      <Filter>BasicsCHeader</Filter>
    </ClInclude>
    <ClInclude Include="..\..\lib\BasicsC\system-functions.h">
      <Filter>BasicsCHeader</Filter>
    </ClInclude>
    <ClInclude Include="..\..\lib\BasicsC\terminal-utils.h">
      <Filter>BasicsCHeader</Filter>
    </ClInclude>
    <ClInclude Include="..\..\lib\BasicsC\threads.h">
      <Filter>BasicsCHeader</Filter>
    </ClInclude>
    <ClInclude Include="..\..\lib\BasicsC\threads-win32.h">
      <Filter>BasicsCHeader</Filter>
    </ClInclude>
    <ClInclude Include="..\..\lib\BasicsC\vector.h">
      <Filter>BasicsCHeader</Filter>
    </ClInclude>
    <ClInclude Include="..\..\lib\BasicsC\voc-errors.h">
      <Filter>BasicsCHeader</Filter>
    </ClInclude>
    <ClInclude Include="..\..\lib\Basics\StringUtils.h">
      <Filter>BasicsCHeader</Filter>
    </ClInclude>
    <ClInclude Include="..\..\lib\Basics\AssociativeArray.h">
      <Filter>BasicsHeader</Filter>
    </ClInclude>
    <ClInclude Include="..\..\lib\Basics\Common.h">
      <Filter>BasicsHeader</Filter>
    </ClInclude>
    <ClInclude Include="..\..\lib\Basics\ConditionLocker.h">
      <Filter>BasicsHeader</Filter>
    </ClInclude>
    <ClInclude Include="..\..\lib\Basics\ConditionVariable.h">
      <Filter>BasicsHeader</Filter>
    </ClInclude>
    <ClInclude Include="..\..\lib\Basics\delete_object.h">
      <Filter>BasicsHeader</Filter>
    </ClInclude>
    <ClInclude Include="..\..\lib\Basics\Dictionary.h">
      <Filter>BasicsHeader</Filter>
    </ClInclude>
    <ClInclude Include="..\..\lib\Basics\Exceptions.h">
      <Filter>BasicsHeader</Filter>
    </ClInclude>
    <ClInclude Include="..\..\lib\Basics\FileUtils.h">
      <Filter>BasicsHeader</Filter>
    </ClInclude>
    <ClInclude Include="..\..\lib\Basics\Functor.h">
      <Filter>BasicsHeader</Filter>
    </ClInclude>
    <ClInclude Include="..\..\lib\Basics\LibraryLoader.h">
      <Filter>BasicsHeader</Filter>
    </ClInclude>
    <ClInclude Include="..\..\lib\Basics\Mutex.h">
      <Filter>BasicsHeader</Filter>
    </ClInclude>
    <ClInclude Include="..\..\lib\Basics\MutexLocker.h">
      <Filter>BasicsHeader</Filter>
    </ClInclude>
    <ClInclude Include="..\..\lib\Basics\ProgramOptions.h">
      <Filter>BasicsHeader</Filter>
    </ClInclude>
    <ClInclude Include="..\..\lib\Basics\RandomHeap.h">
      <Filter>BasicsHeader</Filter>
    </ClInclude>
    <ClInclude Include="..\..\lib\Basics\ReadLocker.h">
      <Filter>BasicsHeader</Filter>
    </ClInclude>
    <ClInclude Include="..\..\lib\Basics\ReadUnlocker.h">
      <Filter>BasicsHeader</Filter>
    </ClInclude>
    <ClInclude Include="..\..\lib\Basics\ReadWriteLock.h">
      <Filter>BasicsHeader</Filter>
    </ClInclude>
    <ClInclude Include="..\..\lib\Basics\StringBuffer.h">
      <Filter>BasicsHeader</Filter>
    </ClInclude>
    <ClInclude Include="..\..\lib\Basics\Thread.h">
      <Filter>BasicsHeader</Filter>
    </ClInclude>
    <ClInclude Include="..\..\lib\Basics\Timing.h">
      <Filter>BasicsHeader</Filter>
    </ClInclude>
    <ClInclude Include="..\..\lib\Basics\Utf8Helper.h">
      <Filter>BasicsHeader</Filter>
    </ClInclude>
    <ClInclude Include="..\..\lib\Basics\WriteLocker.h">
      <Filter>BasicsHeader</Filter>
    </ClInclude>
    <ClInclude Include="..\..\lib\Basics\WriteUnlocker.h">
      <Filter>BasicsHeader</Filter>
    </ClInclude>
    <ClInclude Include="..\..\lib\Basics\safe_cast.h">
      <Filter>BasicsHeader</Filter>
    </ClInclude>
    <ClInclude Include="..\..\lib\Basics\ssl-helper.h">
      <Filter>BasicsHeader</Filter>
    </ClInclude>
    <ClInclude Include="..\..\lib\Logger\Logger.h">
      <Filter>LoggerHeader</Filter>
    </ClInclude>
    <ClInclude Include="..\..\lib\Logger\LoggerData.h">
      <Filter>LoggerHeader</Filter>
    </ClInclude>
    <ClInclude Include="..\..\lib\Logger\LoggerInfo.h">
      <Filter>LoggerHeader</Filter>
    </ClInclude>
    <ClInclude Include="..\..\lib\Logger\LoggerStream.h">
      <Filter>LoggerHeader</Filter>
    </ClInclude>
    <ClInclude Include="..\..\lib\Logger\LoggerTiming.h">
      <Filter>LoggerHeader</Filter>
    </ClInclude>
    <ClInclude Include="..\..\lib\ProgramOptions\program-options.h">
      <Filter>ProgramOptionsHeader</Filter>
    </ClInclude>
    <ClInclude Include="..\..\lib\ShapedJson\json-shaper.h">
      <Filter>ShapedJsonHeader</Filter>
    </ClInclude>
    <ClInclude Include="..\..\lib\ShapedJson\shape-accessor.h">
      <Filter>ShapedJsonHeader</Filter>
    </ClInclude>
    <ClInclude Include="..\..\lib\ShapedJson\shaped-json.h">
      <Filter>ShapedJsonHeader</Filter>
    </ClInclude>
    <ClInclude Include="..\..\lib\Statistics\RoundRobinFigures.h">
      <Filter>StatisticsHeader</Filter>
    </ClInclude>
    <ClInclude Include="..\..\lib\Statistics\statistics.h">
      <Filter>StatisticsHeader</Filter>
    </ClInclude>
    <ClInclude Include="..\..\lib\Statistics\StatisticsAgent.h">
      <Filter>StatisticsHeader</Filter>
    </ClInclude>
    <ClInclude Include="..\..\lib\Utilities\LineEditor.h">
      <Filter>UtilitiesHeader</Filter>
    </ClInclude>
    <ClInclude Include="..\..\lib\Utilities\ScriptLoader.h">
      <Filter>UtilitiesHeader</Filter>
    </ClInclude>
    <ClInclude Include="..\..\lib\Rest\AnyServer.h">
      <Filter>RestHeader</Filter>
    </ClInclude>
    <ClInclude Include="..\..\lib\Rest\AsyncJobServer.h">
      <Filter>RestHeader</Filter>
    </ClInclude>
    <ClInclude Include="..\..\lib\Rest\ConnectionInfo.h">
      <Filter>RestHeader</Filter>
    </ClInclude>
    <ClInclude Include="..\..\lib\Rest\Endpoint.h">
      <Filter>RestHeader</Filter>
    </ClInclude>
    <ClInclude Include="..\..\lib\Rest\EndpointList.h">
      <Filter>RestHeader</Filter>
    </ClInclude>
    <ClInclude Include="..\..\lib\Rest\Handler.h">
      <Filter>RestHeader</Filter>
    </ClInclude>
    <ClInclude Include="..\..\lib\Rest\HttpRequest.h">
      <Filter>RestHeader</Filter>
    </ClInclude>
    <ClInclude Include="..\..\lib\Rest\HttpResponse.h">
      <Filter>RestHeader</Filter>
    </ClInclude>
    <ClInclude Include="..\..\lib\Rest\LineRequest.h">
      <Filter>RestHeader</Filter>
    </ClInclude>
    <ClInclude Include="..\..\lib\Rest\LineResponse.h">
      <Filter>RestHeader</Filter>
    </ClInclude>
    <ClInclude Include="..\..\lib\Rest\MaintenanceCallback.h">
      <Filter>RestHeader</Filter>
    </ClInclude>
    <ClInclude Include="..\..\lib\Rest\OperationMode.h">
      <Filter>RestHeader</Filter>
    </ClInclude>
    <ClInclude Include="..\..\lib\Rest\SslInterface.h">
      <Filter>RestHeader</Filter>
    </ClInclude>
    <ClInclude Include="..\..\lib\Rest\Url.h">
      <Filter>RestHeader</Filter>
    </ClInclude>
    <ClInclude Include="..\..\lib\BasicsC\mersenne.h">
      <Filter>BasicsCHeader</Filter>
    </ClInclude>
    <ClInclude Include="..\..\lib\BasicsC\win-utils.h">
      <Filter>BasicsCHeader</Filter>
    </ClInclude>
    <ClInclude Include="..\..\lib\BasicsC\memory-map.h">
      <Filter>BasicsCHeader</Filter>
    </ClInclude>
    <ClInclude Include="..\..\lib\BasicsC\memory-map-win32.h">
      <Filter>BasicsCHeader</Filter>
    </ClInclude>
    <ClInclude Include="..\..\lib\Basics\RandomGenerator.h">
      <Filter>BasicsHeader</Filter>
    </ClInclude>
    <ClInclude Include="..\..\lib\Basics\InitialiseBasics.h">
      <Filter>BasicsHeader</Filter>
    </ClInclude>
    <ClInclude Include="..\..\lib\Rest\InitialiseRest.h">
      <Filter>RestHeader</Filter>
    </ClInclude>
    <ClInclude Include="..\..\3rdParty\VisualStudio\mygetopt\getopt.h">
      <Filter>ProgramOptionsHeader</Filter>
    </ClInclude>
    <ClInclude Include="..\..\3rdParty\VisualStudio\mygetopt\mygetopt.h">
      <Filter>ProgramOptionsHeader</Filter>
    </ClInclude>
    <ClInclude Include="..\..\lib\BasicsC\messages.h">
      <Filter>BasicsCHeader</Filter>
    </ClInclude>
    <ClInclude Include="..\..\lib\BasicsC\utf8-helper.h">
      <Filter>BasicsCHeader</Filter>
    </ClInclude>
    <ClInclude Include="..\..\lib\BasicsC\local-configuration.h">
      <Filter>BasicsCHeader</Filter>
    </ClInclude>
    <ClInclude Include="..\..\lib\BasicsC\application-exit.h">
      <Filter>BasicsCHeader</Filter>
    </ClInclude>
    <ClInclude Include="..\..\lib\Rest\EndpointIp.h">
      <Filter>RestHeader</Filter>
    </ClInclude>
    <ClInclude Include="..\..\lib\Basics\Nonce.h">
      <Filter>BasicsHeader</Filter>
    </ClInclude>
    <ClInclude Include="..\..\lib\Rest\Version.h">
      <Filter>RestHeader</Filter>
    </ClInclude>
    <ClInclude Include="..\..\lib\BasicsC\skip-list.h">
      <Filter>BasicsCHeader</Filter>
    </ClInclude>
    <ClInclude Include="..\..\lib\Zip\ioapi.h">
      <Filter>ZipHeader</Filter>
    </ClInclude>
    <ClInclude Include="..\..\lib\Zip\iowin32.h">
      <Filter>ZipHeader</Filter>
    </ClInclude>
    <ClInclude Include="..\..\lib\Zip\unzip.h">
      <Filter>ZipHeader</Filter>
    </ClInclude>
    <ClInclude Include="..\..\lib\Zip\zip.h">
      <Filter>ZipHeader</Filter>
    </ClInclude>
    <ClInclude Include="..\..\lib\BasicsC\tri-zip.h">
      <Filter>BasicsCHeader</Filter>
    </ClInclude>
    <ClInclude Include="..\..\lib\BasicsC\debugging.h">
      <Filter>BasicsCHeader</Filter>
    </ClInclude>
  </ItemGroup>
  <ItemGroup>
    <ClCompile Include="..\..\lib\BasicsC\associative.c">
      <Filter>BasicsCSource</Filter>
    </ClCompile>
    <ClCompile Include="..\..\lib\BasicsC\associative-multi.c">
      <Filter>BasicsCSource</Filter>
    </ClCompile>
    <ClCompile Include="..\..\lib\BasicsC\conversions.c">
      <Filter>BasicsCSource</Filter>
    </ClCompile>
    <ClCompile Include="..\..\lib\BasicsC\csv.c">
      <Filter>BasicsCSource</Filter>
    </ClCompile>
    <ClCompile Include="..\..\lib\BasicsC\error.c">
      <Filter>BasicsCSource</Filter>
    </ClCompile>
    <ClCompile Include="..\..\lib\BasicsC\files.c">
      <Filter>BasicsCSource</Filter>
    </ClCompile>
    <ClCompile Include="..\..\lib\BasicsC\hashes.c">
      <Filter>BasicsCSource</Filter>
    </ClCompile>
    <ClCompile Include="..\..\lib\BasicsC\init.c">
      <Filter>BasicsCSource</Filter>
    </ClCompile>
    <ClCompile Include="..\..\lib\BasicsC\json.c">
      <Filter>BasicsCSource</Filter>
    </ClCompile>
    <ClCompile Include="..\..\lib\BasicsC\json-utilities.c">
      <Filter>BasicsCSource</Filter>
    </ClCompile>
    <ClCompile Include="..\..\lib\BasicsC\linked-list.c">
      <Filter>BasicsCSource</Filter>
    </ClCompile>
    <ClCompile Include="..\..\lib\BasicsC\locks-win32.c">
      <Filter>BasicsCSource</Filter>
    </ClCompile>
    <ClCompile Include="..\..\lib\BasicsC\logging.c">
      <Filter>BasicsCSource</Filter>
    </ClCompile>
    <ClCompile Include="..\..\lib\BasicsC\memory.c">
      <Filter>BasicsCSource</Filter>
    </ClCompile>
    <ClCompile Include="..\..\lib\BasicsC\process-utils.c">
      <Filter>BasicsCSource</Filter>
    </ClCompile>
    <ClCompile Include="..\..\lib\BasicsC\random.c">
      <Filter>BasicsCSource</Filter>
    </ClCompile>
    <ClCompile Include="..\..\lib\BasicsC\socket-utils.c">
      <Filter>BasicsCSource</Filter>
    </ClCompile>
    <ClCompile Include="..\..\lib\BasicsC\string-buffer.c">
      <Filter>BasicsCSource</Filter>
    </ClCompile>
    <ClCompile Include="..\..\lib\BasicsC\structures.c">
      <Filter>BasicsCSource</Filter>
    </ClCompile>
    <ClCompile Include="..\..\lib\BasicsC\system-functions.c">
      <Filter>BasicsCSource</Filter>
    </ClCompile>
    <ClCompile Include="..\..\lib\BasicsC\terminal-utils.c">
      <Filter>BasicsCSource</Filter>
    </ClCompile>
    <ClCompile Include="..\..\lib\BasicsC\terminal-utils-win32.c">
      <Filter>BasicsCSource</Filter>
    </ClCompile>
    <ClCompile Include="..\..\lib\BasicsC\threads-win32.c">
      <Filter>BasicsCSource</Filter>
    </ClCompile>
    <ClCompile Include="..\..\lib\BasicsC\vector.c">
      <Filter>BasicsCSource</Filter>
    </ClCompile>
    <ClCompile Include="..\..\lib\BasicsC\voc-errors.c">
      <Filter>BasicsCSource</Filter>
    </ClCompile>
    <ClCompile Include="..\..\lib\Basics\ConditionLocker.cpp">
      <Filter>BasicsSource</Filter>
    </ClCompile>
    <ClCompile Include="..\..\lib\Basics\ConditionVariable.cpp">
      <Filter>BasicsSource</Filter>
    </ClCompile>
    <ClCompile Include="..\..\lib\Basics\Exceptions.cpp">
      <Filter>BasicsSource</Filter>
    </ClCompile>
    <ClCompile Include="..\..\lib\Basics\FileUtils.cpp">
      <Filter>BasicsSource</Filter>
    </ClCompile>
    <ClCompile Include="..\..\lib\Basics\LibraryLoader.cpp">
      <Filter>BasicsSource</Filter>
    </ClCompile>
    <ClCompile Include="..\..\lib\Basics\Mutex.cpp">
      <Filter>BasicsSource</Filter>
    </ClCompile>
    <ClCompile Include="..\..\lib\Basics\MutexLocker.cpp">
      <Filter>BasicsSource</Filter>
    </ClCompile>
    <ClCompile Include="..\..\lib\Basics\ProgramOptions.cpp">
      <Filter>BasicsSource</Filter>
    </ClCompile>
    <ClCompile Include="..\..\lib\Basics\ProgramOptionsDescription.cpp">
      <Filter>BasicsSource</Filter>
    </ClCompile>
    <ClCompile Include="..\..\lib\Basics\ReadLocker.cpp">
      <Filter>BasicsSource</Filter>
    </ClCompile>
    <ClCompile Include="..\..\lib\Basics\ReadUnlocker.cpp">
      <Filter>BasicsSource</Filter>
    </ClCompile>
    <ClCompile Include="..\..\lib\Basics\ReadWriteLock.cpp">
      <Filter>BasicsSource</Filter>
    </ClCompile>
    <ClCompile Include="..\..\lib\Basics\ssl-helper.cpp">
      <Filter>BasicsSource</Filter>
    </ClCompile>
    <ClCompile Include="..\..\lib\Basics\StringUtils.cpp">
      <Filter>BasicsSource</Filter>
    </ClCompile>
    <ClCompile Include="..\..\lib\Basics\Thread.cpp">
      <Filter>BasicsSource</Filter>
    </ClCompile>
    <ClCompile Include="..\..\lib\Basics\Timing.cpp">
      <Filter>BasicsSource</Filter>
    </ClCompile>
    <ClCompile Include="..\..\lib\Basics\Utf8Helper.cpp">
      <Filter>BasicsSource</Filter>
    </ClCompile>
    <ClCompile Include="..\..\lib\Basics\WriteLocker.cpp">
      <Filter>BasicsSource</Filter>
    </ClCompile>
    <ClCompile Include="..\..\lib\Basics\WriteUnlocker.cpp">
      <Filter>BasicsSource</Filter>
    </ClCompile>
    <ClCompile Include="..\..\lib\JsonParser\json-parser.c">
      <Filter>JsonParserSource</Filter>
    </ClCompile>
    <ClCompile Include="..\..\lib\Logger\Logger.cpp">
      <Filter>LoggerSource</Filter>
    </ClCompile>
    <ClCompile Include="..\..\lib\Logger\LoggerData.cpp">
      <Filter>LoggerSource</Filter>
    </ClCompile>
    <ClCompile Include="..\..\lib\Logger\LoggerInfo.cpp">
      <Filter>LoggerSource</Filter>
    </ClCompile>
    <ClCompile Include="..\..\lib\Logger\LoggerStream.cpp">
      <Filter>LoggerSource</Filter>
    </ClCompile>
    <ClCompile Include="..\..\lib\Logger\LoggerTiming.cpp">
      <Filter>LoggerSource</Filter>
    </ClCompile>
    <ClCompile Include="..\..\lib\ProgramOptions\program-options.c">
      <Filter>ProgramOptionsSource</Filter>
    </ClCompile>
    <ClCompile Include="..\..\lib\ShapedJson\json-shaper.c">
      <Filter>ShapedJsonSource</Filter>
    </ClCompile>
    <ClCompile Include="..\..\lib\ShapedJson\shape-accessor.c">
      <Filter>ShapedJsonSource</Filter>
    </ClCompile>
    <ClCompile Include="..\..\lib\ShapedJson\shaped-json.c">
      <Filter>ShapedJsonSource</Filter>
    </ClCompile>
    <ClCompile Include="..\..\lib\Statistics\statistics.cpp">
      <Filter>StatisticsSource</Filter>
    </ClCompile>
    <ClCompile Include="..\..\lib\Utilities\ScriptLoader.cpp">
      <Filter>UtilitiesSource</Filter>
    </ClCompile>
    <ClCompile Include="..\..\lib\Rest\AnyServer.cpp">
      <Filter>RestSource</Filter>
    </ClCompile>
    <ClCompile Include="..\..\lib\Rest\Endpoint.cpp">
      <Filter>RestSource</Filter>
    </ClCompile>
    <ClCompile Include="..\..\lib\Rest\EndpointList.cpp">
      <Filter>RestSource</Filter>
    </ClCompile>
    <ClCompile Include="..\..\lib\Rest\Handler.cpp">
      <Filter>RestSource</Filter>
    </ClCompile>
    <ClCompile Include="..\..\lib\Rest\HttpRequest.cpp">
      <Filter>RestSource</Filter>
    </ClCompile>
    <ClCompile Include="..\..\lib\Rest\HttpResponse.cpp">
      <Filter>RestSource</Filter>
    </ClCompile>
    <ClCompile Include="..\..\lib\Rest\SslInterface.cpp">
      <Filter>RestSource</Filter>
    </ClCompile>
    <ClCompile Include="..\..\lib\Rest\Url.cpp">
      <Filter>RestSource</Filter>
    </ClCompile>
    <ClCompile Include="..\..\lib\BasicsC\mersenne.c">
      <Filter>BasicsCSource</Filter>
    </ClCompile>
    <ClCompile Include="..\..\lib\BasicsC\win-utils.c">
      <Filter>BasicsCSource</Filter>
    </ClCompile>
    <ClCompile Include="..\..\lib\BasicsC\memory-map-win32.c">
      <Filter>BasicsCSource</Filter>
    </ClCompile>
    <ClCompile Include="..\..\lib\Basics\RandomGenerator.cpp">
      <Filter>BasicsSource</Filter>
    </ClCompile>
    <ClCompile Include="..\..\lib\Basics\InitialiseBasics.cpp">
      <Filter>BasicsSource</Filter>
    </ClCompile>
    <ClCompile Include="..\..\lib\Rest\InitialiseRest.cpp">
      <Filter>RestSource</Filter>
    </ClCompile>
    <ClCompile Include="..\..\3rdParty\VisualStudio\mygetopt\mygetopt.c">
      <Filter>ProgramOptionsSource</Filter>
    </ClCompile>
    <ClCompile Include="..\..\lib\Rest\EndpointIp.cpp">
      <Filter>RestSource</Filter>
    </ClCompile>
    <ClCompile Include="..\..\lib\Rest\EndpointIpV4.cpp">
      <Filter>RestSource</Filter>
    </ClCompile>
    <ClCompile Include="..\..\lib\Rest\EndpointIpV6.cpp">
      <Filter>RestSource</Filter>
    </ClCompile>
    <ClCompile Include="..\..\lib\Utilities\LineEditor.cpp">
      <Filter>UtilitiesSource</Filter>
    </ClCompile>
    <ClCompile Include="..\..\lib\BasicsC\utf8-helper.c">
      <Filter>BasicsCSource</Filter>
    </ClCompile>
    <ClCompile Include="..\..\lib\BasicsC\application-exit.c">
      <Filter>BasicsCSource</Filter>
    </ClCompile>
    <ClCompile Include="..\..\lib\Basics\Nonce.cpp">
      <Filter>BasicsSource</Filter>
    </ClCompile>
    <ClCompile Include="..\..\lib\Rest\Version.cpp">
      <Filter>RestSource</Filter>
    </ClCompile>
    <ClCompile Include="..\..\lib\BasicsC\skip-list.c">
      <Filter>BasicsCSource</Filter>
    </ClCompile>
    <ClCompile Include="..\..\lib\Zip\ioapi.c">
      <Filter>ZipSource</Filter>
    </ClCompile>
    <ClCompile Include="..\..\lib\Zip\iowin32.c">
      <Filter>ZipSource</Filter>
    </ClCompile>
    <ClCompile Include="..\..\lib\Zip\unzip.c">
      <Filter>ZipSource</Filter>
    </ClCompile>
    <ClCompile Include="..\..\lib\Zip\zip.c">
      <Filter>ZipSource</Filter>
    </ClCompile>
    <ClCompile Include="..\..\lib\BasicsC\tri-strings.c">
      <Filter>BasicsCSource</Filter>
    </ClCompile>
    <ClCompile Include="..\..\lib\BasicsC\mimetypes.c">
      <Filter>BasicsCSource</Filter>
    </ClCompile>
    <ClCompile Include="..\..\lib\BasicsC\voc-mimetypes.c">
      <Filter>BasicsCSource</Filter>
    </ClCompile>
    <ClCompile Include="..\..\lib\BasicsC\tri-zip.c">
      <Filter>BasicsCSource</Filter>
    </ClCompile>
    <ClCompile Include="..\..\lib\BasicsC\debugging.c">
      <Filter>BasicsCSource</Filter>
    </ClCompile>
  </ItemGroup>
</Project>