<?xml version="1.0" encoding="utf-8"?>
<Project ToolsVersion="4.0" xmlns="http://schemas.microsoft.com/developer/msbuild/2003">
  <ItemGroup>
    <None Include="ReadMe.txt" />
  </ItemGroup>
  <ItemGroup>
    <Filter Include="MRuby Source">
      <UniqueIdentifier>{33309e72-f098-4ff7-a820-9c92baeec58e}</UniqueIdentifier>
    </Filter>
    <Filter Include="MRuby Header">
      <UniqueIdentifier>{c5b908b0-941e-42e6-a218-5ff978dc07e5}</UniqueIdentifier>
    </Filter>
  </ItemGroup>
  <ItemGroup>
    <ClCompile Include="..\..\lib\MRuby\MRLineEditor.cpp">
      <Filter>MRuby Source</Filter>
    </ClCompile>
    <ClCompile Include="..\..\lib\MRuby\MRLoader.cpp">
      <Filter>MRuby Source</Filter>
    </ClCompile>
    <ClCompile Include="..\..\lib\MRuby\mr-utils.c">
      <Filter>MRuby Source</Filter>
    </ClCompile>
  </ItemGroup>
  <ItemGroup>
    <ClInclude Include="..\..\lib\MRuby\MRLineEditor.h">
      <Filter>MRuby Header</Filter>
    </ClInclude>
    <ClInclude Include="..\..\lib\MRuby\MRLoader.h">
      <Filter>MRuby Header</Filter>
    </ClInclude>
    <ClInclude Include="..\..\lib\MRuby\mr-utils.h">
      <Filter>MRuby Header</Filter>
    </ClInclude>
  </ItemGroup>
</Project>